// !$*UTF8*$!
{
	archiveVersion = 1;
	classes = {
	};
	objectVersion = 46;
	objects = {

/* Begin PBXBuildFile section */
		0404D0E916DE1324000BC07A /* Default-568h@2x.png in Resources */ = {isa = PBXBuildFile; fileRef = 0404D0E816DE1324000BC07A /* Default-568h@2x.png */; };
		044E4BB5170B0403006905DE /* GCHelper.m in Sources */ = {isa = PBXBuildFile; fileRef = 044E4BB2170B0403006905DE /* GCHelper.m */; };
		044E4BB6170B0403006905DE /* GKMatchmakerViewController-LandscapeOnly.m in Sources */ = {isa = PBXBuildFile; fileRef = 044E4BB4170B0403006905DE /* GKMatchmakerViewController-LandscapeOnly.m */; };
		048736CE17054D4F00ECBA8F /* AiEngine.m in Sources */ = {isa = PBXBuildFile; fileRef = 048736C317054D4F00ECBA8F /* AiEngine.m */; };
		048736CF17054D4F00ECBA8F /* GameModel.m in Sources */ = {isa = PBXBuildFile; fileRef = 048736C517054D4F00ECBA8F /* GameModel.m */; };
		048736D017054D4F00ECBA8F /* GlobalSingleton.m in Sources */ = {isa = PBXBuildFile; fileRef = 048736C717054D4F00ECBA8F /* GlobalSingleton.m */; };
		048736D117054D4F00ECBA8F /* RulesForDoubleJumpvsPlayer.m in Sources */ = {isa = PBXBuildFile; fileRef = 048736C917054D4F00ECBA8F /* RulesForDoubleJumpvsPlayer.m */; };
		048736D217054D4F00ECBA8F /* RulesForSingleJumpVsPalyer.m in Sources */ = {isa = PBXBuildFile; fileRef = 048736CB17054D4F00ECBA8F /* RulesForSingleJumpVsPalyer.m */; };
		048736D317054D4F00ECBA8F /* ValidMoveDirections.m in Sources */ = {isa = PBXBuildFile; fileRef = 048736CD17054D4F00ECBA8F /* ValidMoveDirections.m */; };
		048736D617054FED00ECBA8F /* PlayerPlacements.m in Sources */ = {isa = PBXBuildFile; fileRef = 048736D517054FED00ECBA8F /* PlayerPlacements.m */; };
		04A2D87A16E0E0F5001ECD83 /* framework in Resources */ = {isa = PBXBuildFile; fileRef = 04A2D87916E0E0F5001ECD83 /* framework */; };
		04D1899A17016B7A00CCE3D5 /* DigitalRegular.ttf in Resources */ = {isa = PBXBuildFile; fileRef = 04D1899217016B7A00CCE3D5 /* DigitalRegular.ttf */; };
		04D1899B17016B7A00CCE3D5 /* InfoPlist.strings in Resources */ = {isa = PBXBuildFile; fileRef = 04D1899317016B7A00CCE3D5 /* InfoPlist.strings */; };
		04D1899C17016B7A00CCE3D5 /* ViewController_iPad.xib in Resources */ = {isa = PBXBuildFile; fileRef = 04D1899517016B7A00CCE3D5 /* ViewController_iPad.xib */; };
		04D1899D17016B7A00CCE3D5 /* ViewController_iPhone.xib in Resources */ = {isa = PBXBuildFile; fileRef = 04D1899717016B7A00CCE3D5 /* ViewController_iPhone.xib */; };
		04DB7A8E171FBCD400687B44 /* button_pause.png in Resources */ = {isa = PBXBuildFile; fileRef = 04DB7A8B171FBCD400687B44 /* button_pause.png */; };
		04DB7A8F171FBCD400687B44 /* button_refresh.png in Resources */ = {isa = PBXBuildFile; fileRef = 04DB7A8C171FBCD400687B44 /* button_refresh.png */; };
		04DB7A90171FBCD400687B44 /* button_settings.png in Resources */ = {isa = PBXBuildFile; fileRef = 04DB7A8D171FBCD400687B44 /* button_settings.png */; };
		04DB7A93171FC7F400687B44 /* SettingsViewController.m in Sources */ = {isa = PBXBuildFile; fileRef = 04DB7A92171FC7F400687B44 /* SettingsViewController.m */; };
		04DB7A96171FCBC400687B44 /* SettingsBackgroundUIView.m in Sources */ = {isa = PBXBuildFile; fileRef = 04DB7A95171FCBC400687B44 /* SettingsBackgroundUIView.m */; };
		04DB7A98171FDB3500687B44 /* button_play.png in Resources */ = {isa = PBXBuildFile; fileRef = 04DB7A97171FDB3500687B44 /* button_play.png */; };
		04DB7A9F171FF9CE00687B44 /* blank_coin2.png in Resources */ = {isa = PBXBuildFile; fileRef = 04DB7A99171FF9CE00687B44 /* blank_coin2.png */; };
		04DB7AA0171FF9CE00687B44 /* settings_bg.png in Resources */ = {isa = PBXBuildFile; fileRef = 04DB7A9A171FF9CE00687B44 /* settings_bg.png */; };
		04DB7AA1171FF9CE00687B44 /* settings_bg@2x.png in Resources */ = {isa = PBXBuildFile; fileRef = 04DB7A9B171FF9CE00687B44 /* settings_bg@2x.png */; };
		04DB7AA2171FF9CE00687B44 /* settings_bg@2x~ipad.png in Resources */ = {isa = PBXBuildFile; fileRef = 04DB7A9C171FF9CE00687B44 /* settings_bg@2x~ipad.png */; };
		04DB7AA3171FF9CE00687B44 /* settings_bg~ipad.png in Resources */ = {isa = PBXBuildFile; fileRef = 04DB7A9D171FF9CE00687B44 /* settings_bg~ipad.png */; };
		04DB7AA4171FF9CE00687B44 /* settings_bg568h@2x.png in Resources */ = {isa = PBXBuildFile; fileRef = 04DB7A9E171FF9CE00687B44 /* settings_bg568h@2x.png */; };
		04DB7AA61720104800687B44 /* bg_white.png in Resources */ = {isa = PBXBuildFile; fileRef = 04DB7AA51720104800687B44 /* bg_white.png */; };
		04DB7AA91720138D00687B44 /* button_next.png in Resources */ = {isa = PBXBuildFile; fileRef = 04DB7AA71720138C00687B44 /* button_next.png */; };
		04DB7AAA1720138D00687B44 /* button_previous.png in Resources */ = {isa = PBXBuildFile; fileRef = 04DB7AA81720138D00687B44 /* button_previous.png */; };
		04DD983016DE2568003E8AA8 /* GameKit.framework in Frameworks */ = {isa = PBXBuildFile; fileRef = 04DD982F16DE2568003E8AA8 /* GameKit.framework */; };
		04DDD493171EB53500C7ABBA /* blank_coin.png in Resources */ = {isa = PBXBuildFile; fileRef = 04DDD492171EB53500C7ABBA /* blank_coin.png */; };
		04DDD4A2171ED4A500C7ABBA /* iPhoneCGRect.m in Sources */ = {isa = PBXBuildFile; fileRef = 04DDD4A1171ED4A500C7ABBA /* iPhoneCGRect.m */; };
		04DDD4A5171ED4B600C7ABBA /* iPadCGRect.m in Sources */ = {isa = PBXBuildFile; fileRef = 04DDD4A4171ED4B600C7ABBA /* iPadCGRect.m */; };
		04E4687D16DE0A88008479F0 /* UIKit.framework in Frameworks */ = {isa = PBXBuildFile; fileRef = 04E4687C16DE0A88008479F0 /* UIKit.framework */; };
		04E4687F16DE0A88008479F0 /* Foundation.framework in Frameworks */ = {isa = PBXBuildFile; fileRef = 04E4687E16DE0A88008479F0 /* Foundation.framework */; };
		04E4688116DE0A88008479F0 /* CoreGraphics.framework in Frameworks */ = {isa = PBXBuildFile; fileRef = 04E4688016DE0A88008479F0 /* CoreGraphics.framework */; };
		04E4688D16DE0A88008479F0 /* AppDelegate.m in Sources */ = {isa = PBXBuildFile; fileRef = 04E4688C16DE0A88008479F0 /* AppDelegate.m */; };
		472D17CE16F783D90002BAC8 /* BoardUIView.m in Sources */ = {isa = PBXBuildFile; fileRef = 472D17C916F783D90002BAC8 /* BoardUIView.m */; };
		472D17D016F783D90002BAC8 /* GameController.m in Sources */ = {isa = PBXBuildFile; fileRef = 472D17CD16F783D90002BAC8 /* GameController.m */; };
		472D187016F791E90002BAC8 /* app_icon_100.png in Resources */ = {isa = PBXBuildFile; fileRef = 472D17DD16F791E90002BAC8 /* app_icon_100.png */; };
		472D187116F791E90002BAC8 /* app_icon_72.png in Resources */ = {isa = PBXBuildFile; fileRef = 472D17DE16F791E90002BAC8 /* app_icon_72.png */; };
		472D187216F791E90002BAC8 /* bar1.png in Resources */ = {isa = PBXBuildFile; fileRef = 472D17DF16F791E90002BAC8 /* bar1.png */; };
		472D187516F791E90002BAC8 /* blank.png in Resources */ = {isa = PBXBuildFile; fileRef = 472D17E216F791E90002BAC8 /* blank.png */; };
		472D187616F791E90002BAC8 /* board.png in Resources */ = {isa = PBXBuildFile; fileRef = 472D17E316F791E90002BAC8 /* board.png */; };
		472D187716F791E90002BAC8 /* brown_bg.png in Resources */ = {isa = PBXBuildFile; fileRef = 472D17E416F791E90002BAC8 /* brown_bg.png */; };
		472D187816F791E90002BAC8 /* brown_nev2.png in Resources */ = {isa = PBXBuildFile; fileRef = 472D17E516F791E90002BAC8 /* brown_nev2.png */; };
		472D187E16F791E90002BAC8 /* canclebtn.png in Resources */ = {isa = PBXBuildFile; fileRef = 472D17EB16F791E90002BAC8 /* canclebtn.png */; };
		472D187F16F791E90002BAC8 /* computer.png in Resources */ = {isa = PBXBuildFile; fileRef = 472D17EC16F791E90002BAC8 /* computer.png */; };
		472D188016F791E90002BAC8 /* computer_btn.png in Resources */ = {isa = PBXBuildFile; fileRef = 472D17ED16F791E90002BAC8 /* computer_btn.png */; };
		472D188116F791E90002BAC8 /* computer_text_bg.png in Resources */ = {isa = PBXBuildFile; fileRef = 472D17EE16F791E90002BAC8 /* computer_text_bg.png */; };
		472D188216F791E90002BAC8 /* computer_texta.png in Resources */ = {isa = PBXBuildFile; fileRef = 472D17EF16F791E90002BAC8 /* computer_texta.png */; };
		472D188316F791E90002BAC8 /* computer_textb.png in Resources */ = {isa = PBXBuildFile; fileRef = 472D17F016F791E90002BAC8 /* computer_textb.png */; };
		472D188416F791E90002BAC8 /* cross_btn.png in Resources */ = {isa = PBXBuildFile; fileRef = 472D17F116F791E90002BAC8 /* cross_btn.png */; };
		472D188516F791E90002BAC8 /* crossover.png in Resources */ = {isa = PBXBuildFile; fileRef = 472D17F216F791E90002BAC8 /* crossover.png */; };
		472D188616F791E90002BAC8 /* digital_bg.png in Resources */ = {isa = PBXBuildFile; fileRef = 472D17F316F791E90002BAC8 /* digital_bg.png */; };
		472D188716F791E90002BAC8 /* digital_bg2.png in Resources */ = {isa = PBXBuildFile; fileRef = 472D17F416F791E90002BAC8 /* digital_bg2.png */; };
		472D188816F791E90002BAC8 /* email.png in Resources */ = {isa = PBXBuildFile; fileRef = 472D17F516F791E90002BAC8 /* email.png */; };
		472D188916F791E90002BAC8 /* facebook.png in Resources */ = {isa = PBXBuildFile; fileRef = 472D17F616F791E90002BAC8 /* facebook.png */; };
		472D188A16F791E90002BAC8 /* hard.png in Resources */ = {isa = PBXBuildFile; fileRef = 472D17F716F791E90002BAC8 /* hard.png */; };
		472D188B16F791E90002BAC8 /* help.png in Resources */ = {isa = PBXBuildFile; fileRef = 472D17F816F791E90002BAC8 /* help.png */; };
		472D188C16F791E90002BAC8 /* i1.png in Resources */ = {isa = PBXBuildFile; fileRef = 472D17F916F791E90002BAC8 /* i1.png */; };
		472D188D16F791E90002BAC8 /* i10.png in Resources */ = {isa = PBXBuildFile; fileRef = 472D17FA16F791E90002BAC8 /* i10.png */; };
		472D188E16F791E90002BAC8 /* i11.png in Resources */ = {isa = PBXBuildFile; fileRef = 472D17FB16F791E90002BAC8 /* i11.png */; };
		472D188F16F791E90002BAC8 /* i12.png in Resources */ = {isa = PBXBuildFile; fileRef = 472D17FC16F791E90002BAC8 /* i12.png */; };
		472D189016F791E90002BAC8 /* i13.png in Resources */ = {isa = PBXBuildFile; fileRef = 472D17FD16F791E90002BAC8 /* i13.png */; };
		472D189116F791E90002BAC8 /* i14.png in Resources */ = {isa = PBXBuildFile; fileRef = 472D17FE16F791E90002BAC8 /* i14.png */; };
		472D189216F791E90002BAC8 /* i15.png in Resources */ = {isa = PBXBuildFile; fileRef = 472D17FF16F791E90002BAC8 /* i15.png */; };
		472D189316F791E90002BAC8 /* i16.png in Resources */ = {isa = PBXBuildFile; fileRef = 472D180016F791E90002BAC8 /* i16.png */; };
		472D189416F791E90002BAC8 /* i17.png in Resources */ = {isa = PBXBuildFile; fileRef = 472D180116F791E90002BAC8 /* i17.png */; };
		472D189516F791E90002BAC8 /* i18.png in Resources */ = {isa = PBXBuildFile; fileRef = 472D180216F791E90002BAC8 /* i18.png */; };
		472D189616F791E90002BAC8 /* i19.png in Resources */ = {isa = PBXBuildFile; fileRef = 472D180316F791E90002BAC8 /* i19.png */; };
		472D189716F791E90002BAC8 /* i2.png in Resources */ = {isa = PBXBuildFile; fileRef = 472D180416F791E90002BAC8 /* i2.png */; };
		472D189816F791E90002BAC8 /* i20.png in Resources */ = {isa = PBXBuildFile; fileRef = 472D180516F791E90002BAC8 /* i20.png */; };
		472D189916F791E90002BAC8 /* i3.png in Resources */ = {isa = PBXBuildFile; fileRef = 472D180616F791E90002BAC8 /* i3.png */; };
		472D189A16F791E90002BAC8 /* i4.png in Resources */ = {isa = PBXBuildFile; fileRef = 472D180716F791E90002BAC8 /* i4.png */; };
		472D189B16F791E90002BAC8 /* i5.png in Resources */ = {isa = PBXBuildFile; fileRef = 472D180816F791E90002BAC8 /* i5.png */; };
		472D189C16F791E90002BAC8 /* i6.png in Resources */ = {isa = PBXBuildFile; fileRef = 472D180916F791E90002BAC8 /* i6.png */; };
		472D189D16F791E90002BAC8 /* i7.png in Resources */ = {isa = PBXBuildFile; fileRef = 472D180A16F791E90002BAC8 /* i7.png */; };
		472D189E16F791E90002BAC8 /* i8.png in Resources */ = {isa = PBXBuildFile; fileRef = 472D180B16F791E90002BAC8 /* i8.png */; };
		472D189F16F791E90002BAC8 /* i9.png in Resources */ = {isa = PBXBuildFile; fileRef = 472D180C16F791E90002BAC8 /* i9.png */; };
		472D18A016F791E90002BAC8 /* icon-72.png in Resources */ = {isa = PBXBuildFile; fileRef = 472D180D16F791E90002BAC8 /* icon-72.png */; };
		472D18A116F791E90002BAC8 /* icon-72@2x.png in Resources */ = {isa = PBXBuildFile; fileRef = 472D180E16F791E90002BAC8 /* icon-72@2x.png */; };
		472D18A216F791E90002BAC8 /* icon-Small-50.png in Resources */ = {isa = PBXBuildFile; fileRef = 472D180F16F791E90002BAC8 /* icon-Small-50.png */; };
		472D18A316F791E90002BAC8 /* icon-Small.png in Resources */ = {isa = PBXBuildFile; fileRef = 472D181016F791E90002BAC8 /* icon-Small.png */; };
		472D18A416F791E90002BAC8 /* icon-Small@2x.png in Resources */ = {isa = PBXBuildFile; fileRef = 472D181116F791E90002BAC8 /* icon-Small@2x.png */; };
		472D18A516F791E90002BAC8 /* icon.png in Resources */ = {isa = PBXBuildFile; fileRef = 472D181216F791E90002BAC8 /* icon.png */; };
		472D18A616F791E90002BAC8 /* icon@2x.png in Resources */ = {isa = PBXBuildFile; fileRef = 472D181316F791E90002BAC8 /* icon@2x.png */; };
		472D18A716F791E90002BAC8 /* medium.png in Resources */ = {isa = PBXBuildFile; fileRef = 472D181416F791E90002BAC8 /* medium.png */; };
		472D18A816F791E90002BAC8 /* new_game.png in Resources */ = {isa = PBXBuildFile; fileRef = 472D181516F791E90002BAC8 /* new_game.png */; };
		472D18AF16F791E90002BAC8 /* player1_digitaltimer.png in Resources */ = {isa = PBXBuildFile; fileRef = 472D181C16F791E90002BAC8 /* player1_digitaltimer.png */; };
		472D18B116F791E90002BAC8 /* player_1_texta.png in Resources */ = {isa = PBXBuildFile; fileRef = 472D181E16F791E90002BAC8 /* player_1_texta.png */; };
		472D18B216F791E90002BAC8 /* player_1_textb.png in Resources */ = {isa = PBXBuildFile; fileRef = 472D181F16F791E90002BAC8 /* player_1_textb.png */; };
		472D18B316F791E90002BAC8 /* player_2_texta.png in Resources */ = {isa = PBXBuildFile; fileRef = 472D182016F791E90002BAC8 /* player_2_texta.png */; };
		472D18B416F791E90002BAC8 /* player_2_textb.png in Resources */ = {isa = PBXBuildFile; fileRef = 472D182116F791E90002BAC8 /* player_2_textb.png */; };
		472D18B516F791E90002BAC8 /* player_a_1.png in Resources */ = {isa = PBXBuildFile; fileRef = 472D182216F791E90002BAC8 /* player_a_1.png */; };
		472D18B616F791E90002BAC8 /* player_a_10.png in Resources */ = {isa = PBXBuildFile; fileRef = 472D182316F791E90002BAC8 /* player_a_10.png */; };
		472D18B716F791E90002BAC8 /* player_a_11.png in Resources */ = {isa = PBXBuildFile; fileRef = 472D182416F791E90002BAC8 /* player_a_11.png */; };
		472D18B816F791E90002BAC8 /* player_a_12.png in Resources */ = {isa = PBXBuildFile; fileRef = 472D182516F791E90002BAC8 /* player_a_12.png */; };
		472D18B916F791E90002BAC8 /* player_a_13.png in Resources */ = {isa = PBXBuildFile; fileRef = 472D182616F791E90002BAC8 /* player_a_13.png */; };
		472D18BA16F791E90002BAC8 /* player_a_14.png in Resources */ = {isa = PBXBuildFile; fileRef = 472D182716F791E90002BAC8 /* player_a_14.png */; };
		472D18BB16F791E90002BAC8 /* player_a_15.png in Resources */ = {isa = PBXBuildFile; fileRef = 472D182816F791E90002BAC8 /* player_a_15.png */; };
		472D18BC16F791E90002BAC8 /* player_a_16.png in Resources */ = {isa = PBXBuildFile; fileRef = 472D182916F791E90002BAC8 /* player_a_16.png */; };
		472D18BD16F791E90002BAC8 /* player_a_17.png in Resources */ = {isa = PBXBuildFile; fileRef = 472D182A16F791E90002BAC8 /* player_a_17.png */; };
		472D18BE16F791E90002BAC8 /* player_a_18.png in Resources */ = {isa = PBXBuildFile; fileRef = 472D182B16F791E90002BAC8 /* player_a_18.png */; };
		472D18BF16F791E90002BAC8 /* player_a_19.png in Resources */ = {isa = PBXBuildFile; fileRef = 472D182C16F791E90002BAC8 /* player_a_19.png */; };
		472D18C016F791E90002BAC8 /* player_a_2.png in Resources */ = {isa = PBXBuildFile; fileRef = 472D182D16F791E90002BAC8 /* player_a_2.png */; };
		472D18C116F791E90002BAC8 /* player_a_20.png in Resources */ = {isa = PBXBuildFile; fileRef = 472D182E16F791E90002BAC8 /* player_a_20.png */; };
		472D18C216F791E90002BAC8 /* player_a_3.png in Resources */ = {isa = PBXBuildFile; fileRef = 472D182F16F791E90002BAC8 /* player_a_3.png */; };
		472D18C316F791E90002BAC8 /* player_a_4.png in Resources */ = {isa = PBXBuildFile; fileRef = 472D183016F791E90002BAC8 /* player_a_4.png */; };
		472D18C416F791E90002BAC8 /* player_a_5.png in Resources */ = {isa = PBXBuildFile; fileRef = 472D183116F791E90002BAC8 /* player_a_5.png */; };
		472D18C516F791E90002BAC8 /* player_a_6.png in Resources */ = {isa = PBXBuildFile; fileRef = 472D183216F791E90002BAC8 /* player_a_6.png */; };
		472D18C616F791E90002BAC8 /* player_a_7.png in Resources */ = {isa = PBXBuildFile; fileRef = 472D183316F791E90002BAC8 /* player_a_7.png */; };
		472D18C716F791E90002BAC8 /* player_a_8.png in Resources */ = {isa = PBXBuildFile; fileRef = 472D183416F791E90002BAC8 /* player_a_8.png */; };
		472D18C816F791E90002BAC8 /* player_a_9.png in Resources */ = {isa = PBXBuildFile; fileRef = 472D183516F791E90002BAC8 /* player_a_9.png */; };
		472D18C916F791E90002BAC8 /* player_a_blue.png in Resources */ = {isa = PBXBuildFile; fileRef = 472D183616F791E90002BAC8 /* player_a_blue.png */; };
		472D18CA16F791E90002BAC8 /* player_a_brown.png in Resources */ = {isa = PBXBuildFile; fileRef = 472D183716F791E90002BAC8 /* player_a_brown.png */; };
		472D18CB16F791E90002BAC8 /* player_a_darkred.png in Resources */ = {isa = PBXBuildFile; fileRef = 472D183816F791E90002BAC8 /* player_a_darkred.png */; };
		472D18CC16F791E90002BAC8 /* player_a_green.png in Resources */ = {isa = PBXBuildFile; fileRef = 472D183916F791E90002BAC8 /* player_a_green.png */; };
		472D18CD16F791E90002BAC8 /* player_a_purple.png in Resources */ = {isa = PBXBuildFile; fileRef = 472D183A16F791E90002BAC8 /* player_a_purple.png */; };
		472D18CE16F791E90002BAC8 /* player_a_red.png in Resources */ = {isa = PBXBuildFile; fileRef = 472D183B16F791E90002BAC8 /* player_a_red.png */; };
		472D18D116F791E90002BAC8 /* player_b_1.png in Resources */ = {isa = PBXBuildFile; fileRef = 472D183E16F791E90002BAC8 /* player_b_1.png */; };
		472D18D216F791E90002BAC8 /* player_b_10.png in Resources */ = {isa = PBXBuildFile; fileRef = 472D183F16F791E90002BAC8 /* player_b_10.png */; };
		472D18D316F791E90002BAC8 /* player_b_11.png in Resources */ = {isa = PBXBuildFile; fileRef = 472D184016F791E90002BAC8 /* player_b_11.png */; };
		472D18D416F791E90002BAC8 /* player_b_12.png in Resources */ = {isa = PBXBuildFile; fileRef = 472D184116F791E90002BAC8 /* player_b_12.png */; };
		472D18D516F791E90002BAC8 /* player_b_13.png in Resources */ = {isa = PBXBuildFile; fileRef = 472D184216F791E90002BAC8 /* player_b_13.png */; };
		472D18D616F791E90002BAC8 /* player_b_14.png in Resources */ = {isa = PBXBuildFile; fileRef = 472D184316F791E90002BAC8 /* player_b_14.png */; };
		472D18D716F791E90002BAC8 /* player_b_15.png in Resources */ = {isa = PBXBuildFile; fileRef = 472D184416F791E90002BAC8 /* player_b_15.png */; };
		472D18D816F791E90002BAC8 /* player_b_16.png in Resources */ = {isa = PBXBuildFile; fileRef = 472D184516F791E90002BAC8 /* player_b_16.png */; };
		472D18D916F791E90002BAC8 /* player_b_17.png in Resources */ = {isa = PBXBuildFile; fileRef = 472D184616F791E90002BAC8 /* player_b_17.png */; };
		472D18DA16F791E90002BAC8 /* player_b_18.png in Resources */ = {isa = PBXBuildFile; fileRef = 472D184716F791E90002BAC8 /* player_b_18.png */; };
		472D18DB16F791E90002BAC8 /* player_b_19.png in Resources */ = {isa = PBXBuildFile; fileRef = 472D184816F791E90002BAC8 /* player_b_19.png */; };
		472D18DC16F791E90002BAC8 /* player_b_2.png in Resources */ = {isa = PBXBuildFile; fileRef = 472D184916F791E90002BAC8 /* player_b_2.png */; };
		472D18DD16F791E90002BAC8 /* player_b_20.png in Resources */ = {isa = PBXBuildFile; fileRef = 472D184A16F791E90002BAC8 /* player_b_20.png */; };
		472D18DE16F791E90002BAC8 /* player_b_3.png in Resources */ = {isa = PBXBuildFile; fileRef = 472D184B16F791E90002BAC8 /* player_b_3.png */; };
		472D18DF16F791E90002BAC8 /* player_b_4.png in Resources */ = {isa = PBXBuildFile; fileRef = 472D184C16F791E90002BAC8 /* player_b_4.png */; };
		472D18E016F791E90002BAC8 /* player_b_5.png in Resources */ = {isa = PBXBuildFile; fileRef = 472D184D16F791E90002BAC8 /* player_b_5.png */; };
		472D18E116F791E90002BAC8 /* player_b_6.png in Resources */ = {isa = PBXBuildFile; fileRef = 472D184E16F791E90002BAC8 /* player_b_6.png */; };
		472D18E216F791E90002BAC8 /* player_b_7.png in Resources */ = {isa = PBXBuildFile; fileRef = 472D184F16F791E90002BAC8 /* player_b_7.png */; };
		472D18E316F791E90002BAC8 /* player_b_8.png in Resources */ = {isa = PBXBuildFile; fileRef = 472D185016F791E90002BAC8 /* player_b_8.png */; };
		472D18E416F791E90002BAC8 /* player_b_9.png in Resources */ = {isa = PBXBuildFile; fileRef = 472D185116F791E90002BAC8 /* player_b_9.png */; };
		472D18E516F791E90002BAC8 /* player_b_blue.png in Resources */ = {isa = PBXBuildFile; fileRef = 472D185216F791E90002BAC8 /* player_b_blue.png */; };
		472D18E616F791E90002BAC8 /* player_b_brown.png in Resources */ = {isa = PBXBuildFile; fileRef = 472D185316F791E90002BAC8 /* player_b_brown.png */; };
		472D18E716F791E90002BAC8 /* player_b_darkred.png in Resources */ = {isa = PBXBuildFile; fileRef = 472D185416F791E90002BAC8 /* player_b_darkred.png */; };
		472D18E816F791E90002BAC8 /* player_b_green.png in Resources */ = {isa = PBXBuildFile; fileRef = 472D185516F791E90002BAC8 /* player_b_green.png */; };
		472D18E916F791E90002BAC8 /* player_b_purple.png in Resources */ = {isa = PBXBuildFile; fileRef = 472D185616F791E90002BAC8 /* player_b_purple.png */; };
		472D18EA16F791E90002BAC8 /* player_b_red.png in Resources */ = {isa = PBXBuildFile; fileRef = 472D185716F791E90002BAC8 /* player_b_red.png */; };
		472D18EC16F791E90002BAC8 /* playervscomputer.png in Resources */ = {isa = PBXBuildFile; fileRef = 472D185916F791E90002BAC8 /* playervscomputer.png */; };
		472D18ED16F791E90002BAC8 /* playervsplayer.png in Resources */ = {isa = PBXBuildFile; fileRef = 472D185A16F791E90002BAC8 /* playervsplayer.png */; };
		472D18F016F791E90002BAC8 /* select_botton_bg.png in Resources */ = {isa = PBXBuildFile; fileRef = 472D185D16F791E90002BAC8 /* select_botton_bg.png */; };
		472D18F216F791E90002BAC8 /* select_player2_bg.png in Resources */ = {isa = PBXBuildFile; fileRef = 472D185F16F791E90002BAC8 /* select_player2_bg.png */; };
		472D18F316F791E90002BAC8 /* selectcoins_btn.png in Resources */ = {isa = PBXBuildFile; fileRef = 472D186016F791E90002BAC8 /* selectcoins_btn.png */; };
		472D18F416F791E90002BAC8 /* setting_btn.png in Resources */ = {isa = PBXBuildFile; fileRef = 472D186116F791E90002BAC8 /* setting_btn.png */; };
		472D18F516F791E90002BAC8 /* share_btn.png in Resources */ = {isa = PBXBuildFile; fileRef = 472D186216F791E90002BAC8 /* share_btn.png */; };
		472D18F616F791E90002BAC8 /* simple.png in Resources */ = {isa = PBXBuildFile; fileRef = 472D186316F791E90002BAC8 /* simple.png */; };
		472D18F716F791E90002BAC8 /* sound_btn.png in Resources */ = {isa = PBXBuildFile; fileRef = 472D186416F791E90002BAC8 /* sound_btn.png */; };
		472D18F816F791E90002BAC8 /* text.png in Resources */ = {isa = PBXBuildFile; fileRef = 472D186516F791E90002BAC8 /* text.png */; };
		472D18F916F791E90002BAC8 /* twitter.png in Resources */ = {isa = PBXBuildFile; fileRef = 472D186616F791E90002BAC8 /* twitter.png */; };
		472D18FB16F791E90002BAC8 /* winner_player1.png in Resources */ = {isa = PBXBuildFile; fileRef = 472D186816F791E90002BAC8 /* winner_player1.png */; };
		472D18FC16F791E90002BAC8 /* wood_bg.png in Resources */ = {isa = PBXBuildFile; fileRef = 472D186916F791E90002BAC8 /* wood_bg.png */; };
		472D18FD16F791E90002BAC8 /* wood_bg2.png in Resources */ = {isa = PBXBuildFile; fileRef = 472D186A16F791E90002BAC8 /* wood_bg2.png */; };
		472D18FE16F791E90002BAC8 /* woodboard1.png in Resources */ = {isa = PBXBuildFile; fileRef = 472D186B16F791E90002BAC8 /* woodboard1.png */; };
		472D18FF16F791E90002BAC8 /* woodboard2.png in Resources */ = {isa = PBXBuildFile; fileRef = 472D186C16F791E90002BAC8 /* woodboard2.png */; };
		472D190016F791E90002BAC8 /* woodbtn_big.png in Resources */ = {isa = PBXBuildFile; fileRef = 472D186D16F791E90002BAC8 /* woodbtn_big.png */; };
		472D190116F791E90002BAC8 /* woodbtn_small.png in Resources */ = {isa = PBXBuildFile; fileRef = 472D186E16F791E90002BAC8 /* woodbtn_small.png */; };
		472D190D16F7929B0002BAC8 /* InfoPlist.strings in Resources */ = {isa = PBXBuildFile; fileRef = 472D190616F7929B0002BAC8 /* InfoPlist.strings */; };
		472D190E16F7929B0002BAC8 /* ViewController_iPad.xib in Resources */ = {isa = PBXBuildFile; fileRef = 472D190816F7929B0002BAC8 /* ViewController_iPad.xib */; };
		472D190F16F7929B0002BAC8 /* ViewController_iPhone.xib in Resources */ = {isa = PBXBuildFile; fileRef = 472D190A16F7929B0002BAC8 /* ViewController_iPhone.xib */; };
		472D191116F792D50002BAC8 /* main.m in Sources */ = {isa = PBXBuildFile; fileRef = 472D191016F792D50002BAC8 /* main.m */; };
		4741B43E172406C300FC7008 /* button_off.png in Resources */ = {isa = PBXBuildFile; fileRef = 4741B43C172406C300FC7008 /* button_off.png */; };
		4741B43F172406C300FC7008 /* button_on.png in Resources */ = {isa = PBXBuildFile; fileRef = 4741B43D172406C300FC7008 /* button_on.png */; };
		4741B44117241D3800FC7008 /* button_share.png in Resources */ = {isa = PBXBuildFile; fileRef = 4741B44017241D3800FC7008 /* button_share.png */; };
		4741B44317241DEC00FC7008 /* button_mainmenu.png in Resources */ = {isa = PBXBuildFile; fileRef = 4741B44217241DEC00FC7008 /* button_mainmenu.png */; };
		4741B44517242A1800FC7008 /* button_resume.png in Resources */ = {isa = PBXBuildFile; fileRef = 4741B44417242A1800FC7008 /* button_resume.png */; };
		4741B447172430C500FC7008 /* button_yes.png in Resources */ = {isa = PBXBuildFile; fileRef = 4741B446172430C500FC7008 /* button_yes.png */; };
		4741B449172430D300FC7008 /* button_no.png in Resources */ = {isa = PBXBuildFile; fileRef = 4741B448172430D300FC7008 /* button_no.png */; };
		47426A141708B07F00BEBF77 /* ShowWinnerViewController.m in Sources */ = {isa = PBXBuildFile; fileRef = 47426A131708B07F00BEBF77 /* ShowWinnerViewController.m */; };
		4774063E16FF50A200A0C0D5 /* captured_bg.png in Resources */ = {isa = PBXBuildFile; fileRef = 4774063D16FF50A200A0C0D5 /* captured_bg.png */; };
		47B34E6F17223138008909AD /* bg_select_player.png in Resources */ = {isa = PBXBuildFile; fileRef = 47B34E6E17223138008909AD /* bg_select_player.png */; };
		47B34E741723C659008909AD /* button_player_one.png in Resources */ = {isa = PBXBuildFile; fileRef = 47B34E701723C659008909AD /* button_player_one.png */; };
		47B34E751723C659008909AD /* button_player_two.png in Resources */ = {isa = PBXBuildFile; fileRef = 47B34E711723C659008909AD /* button_player_two.png */; };
		47B34E761723C659008909AD /* text_player_one_1.png in Resources */ = {isa = PBXBuildFile; fileRef = 47B34E721723C659008909AD /* text_player_one_1.png */; };
		47B34E771723C659008909AD /* text_player_one_2.png in Resources */ = {isa = PBXBuildFile; fileRef = 47B34E731723C659008909AD /* text_player_one_2.png */; };
/* End PBXBuildFile section */

/* Begin PBXFileReference section */
		0404D0E816DE1324000BC07A /* Default-568h@2x.png */ = {isa = PBXFileReference; lastKnownFileType = image.png; path = "Default-568h@2x.png"; sourceTree = "<group>"; };
		044E4BB1170B0403006905DE /* GCHelper.h */ = {isa = PBXFileReference; fileEncoding = 4; lastKnownFileType = sourcecode.c.h; path = GCHelper.h; sourceTree = "<group>"; };
		044E4BB2170B0403006905DE /* GCHelper.m */ = {isa = PBXFileReference; fileEncoding = 4; lastKnownFileType = sourcecode.c.objc; path = GCHelper.m; sourceTree = "<group>"; };
		044E4BB3170B0403006905DE /* GKMatchmakerViewController-LandscapeOnly.h */ = {isa = PBXFileReference; fileEncoding = 4; lastKnownFileType = sourcecode.c.h; path = "GKMatchmakerViewController-LandscapeOnly.h"; sourceTree = "<group>"; };
		044E4BB4170B0403006905DE /* GKMatchmakerViewController-LandscapeOnly.m */ = {isa = PBXFileReference; fileEncoding = 4; lastKnownFileType = sourcecode.c.objc; path = "GKMatchmakerViewController-LandscapeOnly.m"; sourceTree = "<group>"; };
		048736C217054D4F00ECBA8F /* AiEngine.h */ = {isa = PBXFileReference; fileEncoding = 4; lastKnownFileType = sourcecode.c.h; path = AiEngine.h; sourceTree = "<group>"; };
		048736C317054D4F00ECBA8F /* AiEngine.m */ = {isa = PBXFileReference; fileEncoding = 4; lastKnownFileType = sourcecode.c.objc; path = AiEngine.m; sourceTree = "<group>"; };
		048736C417054D4F00ECBA8F /* GameModel.h */ = {isa = PBXFileReference; fileEncoding = 4; lastKnownFileType = sourcecode.c.h; path = GameModel.h; sourceTree = "<group>"; };
		048736C517054D4F00ECBA8F /* GameModel.m */ = {isa = PBXFileReference; fileEncoding = 4; lastKnownFileType = sourcecode.c.objc; path = GameModel.m; sourceTree = "<group>"; };
		048736C617054D4F00ECBA8F /* GlobalSingleton.h */ = {isa = PBXFileReference; fileEncoding = 4; lastKnownFileType = sourcecode.c.h; path = GlobalSingleton.h; sourceTree = "<group>"; };
		048736C717054D4F00ECBA8F /* GlobalSingleton.m */ = {isa = PBXFileReference; fileEncoding = 4; lastKnownFileType = sourcecode.c.objc; path = GlobalSingleton.m; sourceTree = "<group>"; };
		048736C817054D4F00ECBA8F /* RulesForDoubleJumpvsPlayer.h */ = {isa = PBXFileReference; fileEncoding = 4; lastKnownFileType = sourcecode.c.h; path = RulesForDoubleJumpvsPlayer.h; sourceTree = "<group>"; };
		048736C917054D4F00ECBA8F /* RulesForDoubleJumpvsPlayer.m */ = {isa = PBXFileReference; fileEncoding = 4; lastKnownFileType = sourcecode.c.objc; path = RulesForDoubleJumpvsPlayer.m; sourceTree = "<group>"; };
		048736CA17054D4F00ECBA8F /* RulesForSingleJumpVsPalyer.h */ = {isa = PBXFileReference; fileEncoding = 4; lastKnownFileType = sourcecode.c.h; path = RulesForSingleJumpVsPalyer.h; sourceTree = "<group>"; };
		048736CB17054D4F00ECBA8F /* RulesForSingleJumpVsPalyer.m */ = {isa = PBXFileReference; fileEncoding = 4; lastKnownFileType = sourcecode.c.objc; path = RulesForSingleJumpVsPalyer.m; sourceTree = "<group>"; };
		048736CC17054D4F00ECBA8F /* ValidMoveDirections.h */ = {isa = PBXFileReference; fileEncoding = 4; lastKnownFileType = sourcecode.c.h; path = ValidMoveDirections.h; sourceTree = "<group>"; };
		048736CD17054D4F00ECBA8F /* ValidMoveDirections.m */ = {isa = PBXFileReference; fileEncoding = 4; lastKnownFileType = sourcecode.c.objc; path = ValidMoveDirections.m; sourceTree = "<group>"; };
		048736D417054FED00ECBA8F /* PlayerPlacements.h */ = {isa = PBXFileReference; fileEncoding = 4; lastKnownFileType = sourcecode.c.h; path = PlayerPlacements.h; sourceTree = "<group>"; };
		048736D517054FED00ECBA8F /* PlayerPlacements.m */ = {isa = PBXFileReference; fileEncoding = 4; lastKnownFileType = sourcecode.c.objc; path = PlayerPlacements.m; sourceTree = "<group>"; };
		04A2D87916E0E0F5001ECD83 /* framework */ = {isa = PBXFileReference; lastKnownFileType = folder; path = framework; sourceTree = "<group>"; };
		04D1899217016B7A00CCE3D5 /* DigitalRegular.ttf */ = {isa = PBXFileReference; lastKnownFileType = file; path = DigitalRegular.ttf; sourceTree = "<group>"; };
		04D1899417016B7A00CCE3D5 /* en */ = {isa = PBXFileReference; lastKnownFileType = text.plist.strings; name = en; path = en.lproj/InfoPlist.strings; sourceTree = "<group>"; };
		04D1899617016B7A00CCE3D5 /* en */ = {isa = PBXFileReference; lastKnownFileType = file.xib; name = en; path = en.lproj/ViewController_iPad.xib; sourceTree = "<group>"; };
		04D1899817016B7A00CCE3D5 /* en */ = {isa = PBXFileReference; lastKnownFileType = file.xib; name = en; path = en.lproj/ViewController_iPhone.xib; sourceTree = "<group>"; };
		04D1899917016B7A00CCE3D5 /* main.m */ = {isa = PBXFileReference; fileEncoding = 4; lastKnownFileType = sourcecode.c.objc; path = main.m; sourceTree = "<group>"; };
		04DB7A8B171FBCD400687B44 /* button_pause.png */ = {isa = PBXFileReference; lastKnownFileType = image.png; path = button_pause.png; sourceTree = "<group>"; };
		04DB7A8C171FBCD400687B44 /* button_refresh.png */ = {isa = PBXFileReference; lastKnownFileType = image.png; path = button_refresh.png; sourceTree = "<group>"; };
		04DB7A8D171FBCD400687B44 /* button_settings.png */ = {isa = PBXFileReference; lastKnownFileType = image.png; path = button_settings.png; sourceTree = "<group>"; };
		04DB7A91171FC7F400687B44 /* SettingsViewController.h */ = {isa = PBXFileReference; fileEncoding = 4; lastKnownFileType = sourcecode.c.h; path = SettingsViewController.h; sourceTree = "<group>"; };
		04DB7A92171FC7F400687B44 /* SettingsViewController.m */ = {isa = PBXFileReference; fileEncoding = 4; lastKnownFileType = sourcecode.c.objc; path = SettingsViewController.m; sourceTree = "<group>"; };
		04DB7A94171FCBC400687B44 /* SettingsBackgroundUIView.h */ = {isa = PBXFileReference; fileEncoding = 4; lastKnownFileType = sourcecode.c.h; path = SettingsBackgroundUIView.h; sourceTree = "<group>"; };
		04DB7A95171FCBC400687B44 /* SettingsBackgroundUIView.m */ = {isa = PBXFileReference; fileEncoding = 4; lastKnownFileType = sourcecode.c.objc; path = SettingsBackgroundUIView.m; sourceTree = "<group>"; };
		04DB7A97171FDB3500687B44 /* button_play.png */ = {isa = PBXFileReference; lastKnownFileType = image.png; path = button_play.png; sourceTree = "<group>"; };
		04DB7A99171FF9CE00687B44 /* blank_coin2.png */ = {isa = PBXFileReference; lastKnownFileType = image.png; path = blank_coin2.png; sourceTree = "<group>"; };
		04DB7A9A171FF9CE00687B44 /* settings_bg.png */ = {isa = PBXFileReference; lastKnownFileType = image.png; path = settings_bg.png; sourceTree = "<group>"; };
		04DB7A9B171FF9CE00687B44 /* settings_bg@2x.png */ = {isa = PBXFileReference; lastKnownFileType = image.png; path = "settings_bg@2x.png"; sourceTree = "<group>"; };
		04DB7A9C171FF9CE00687B44 /* settings_bg@2x~ipad.png */ = {isa = PBXFileReference; lastKnownFileType = image.png; path = "settings_bg@2x~ipad.png"; sourceTree = "<group>"; };
		04DB7A9D171FF9CE00687B44 /* settings_bg~ipad.png */ = {isa = PBXFileReference; lastKnownFileType = image.png; path = "settings_bg~ipad.png"; sourceTree = "<group>"; };
		04DB7A9E171FF9CE00687B44 /* settings_bg568h@2x.png */ = {isa = PBXFileReference; lastKnownFileType = image.png; path = "settings_bg568h@2x.png"; sourceTree = "<group>"; };
		04DB7AA51720104800687B44 /* bg_white.png */ = {isa = PBXFileReference; lastKnownFileType = image.png; path = bg_white.png; sourceTree = "<group>"; };
		04DB7AA71720138C00687B44 /* button_next.png */ = {isa = PBXFileReference; lastKnownFileType = image.png; path = button_next.png; sourceTree = "<group>"; };
		04DB7AA81720138D00687B44 /* button_previous.png */ = {isa = PBXFileReference; lastKnownFileType = image.png; path = button_previous.png; sourceTree = "<group>"; };
		04DD982F16DE2568003E8AA8 /* GameKit.framework */ = {isa = PBXFileReference; lastKnownFileType = wrapper.framework; name = GameKit.framework; path = System/Library/Frameworks/GameKit.framework; sourceTree = SDKROOT; };
		04DDD492171EB53500C7ABBA /* blank_coin.png */ = {isa = PBXFileReference; lastKnownFileType = image.png; path = blank_coin.png; sourceTree = "<group>"; };
		04DDD4A0171ED4A500C7ABBA /* iPhoneCGRect.h */ = {isa = PBXFileReference; fileEncoding = 4; lastKnownFileType = sourcecode.c.h; path = iPhoneCGRect.h; sourceTree = "<group>"; };
		04DDD4A1171ED4A500C7ABBA /* iPhoneCGRect.m */ = {isa = PBXFileReference; fileEncoding = 4; lastKnownFileType = sourcecode.c.objc; path = iPhoneCGRect.m; sourceTree = "<group>"; };
		04DDD4A3171ED4B600C7ABBA /* iPadCGRect.h */ = {isa = PBXFileReference; fileEncoding = 4; lastKnownFileType = sourcecode.c.h; path = iPadCGRect.h; sourceTree = "<group>"; };
		04DDD4A4171ED4B600C7ABBA /* iPadCGRect.m */ = {isa = PBXFileReference; fileEncoding = 4; lastKnownFileType = sourcecode.c.objc; path = iPadCGRect.m; sourceTree = "<group>"; };
		04E4687816DE0A88008479F0 /* crossover.app */ = {isa = PBXFileReference; explicitFileType = wrapper.application; includeInIndex = 0; path = crossover.app; sourceTree = BUILT_PRODUCTS_DIR; };
		04E4687C16DE0A88008479F0 /* UIKit.framework */ = {isa = PBXFileReference; lastKnownFileType = wrapper.framework; name = UIKit.framework; path = System/Library/Frameworks/UIKit.framework; sourceTree = SDKROOT; };
		04E4687E16DE0A88008479F0 /* Foundation.framework */ = {isa = PBXFileReference; lastKnownFileType = wrapper.framework; name = Foundation.framework; path = System/Library/Frameworks/Foundation.framework; sourceTree = SDKROOT; };
		04E4688016DE0A88008479F0 /* CoreGraphics.framework */ = {isa = PBXFileReference; lastKnownFileType = wrapper.framework; name = CoreGraphics.framework; path = System/Library/Frameworks/CoreGraphics.framework; sourceTree = SDKROOT; };
		04E4688B16DE0A88008479F0 /* AppDelegate.h */ = {isa = PBXFileReference; lastKnownFileType = sourcecode.c.h; path = AppDelegate.h; sourceTree = "<group>"; };
		04E4688C16DE0A88008479F0 /* AppDelegate.m */ = {isa = PBXFileReference; lastKnownFileType = sourcecode.c.objc; path = AppDelegate.m; sourceTree = "<group>"; };
		472D17C816F783D90002BAC8 /* BoardUIView.h */ = {isa = PBXFileReference; fileEncoding = 4; lastKnownFileType = sourcecode.c.h; path = BoardUIView.h; sourceTree = "<group>"; };
		472D17C916F783D90002BAC8 /* BoardUIView.m */ = {isa = PBXFileReference; fileEncoding = 4; lastKnownFileType = sourcecode.c.objc; path = BoardUIView.m; sourceTree = "<group>"; };
		472D17CC16F783D90002BAC8 /* GameController.h */ = {isa = PBXFileReference; fileEncoding = 4; lastKnownFileType = sourcecode.c.h; path = GameController.h; sourceTree = "<group>"; };
		472D17CD16F783D90002BAC8 /* GameController.m */ = {isa = PBXFileReference; fileEncoding = 4; lastKnownFileType = sourcecode.c.objc; path = GameController.m; sourceTree = "<group>"; };
		472D17DD16F791E90002BAC8 /* app_icon_100.png */ = {isa = PBXFileReference; lastKnownFileType = image.png; path = app_icon_100.png; sourceTree = "<group>"; };
		472D17DE16F791E90002BAC8 /* app_icon_72.png */ = {isa = PBXFileReference; lastKnownFileType = image.png; path = app_icon_72.png; sourceTree = "<group>"; };
		472D17DF16F791E90002BAC8 /* bar1.png */ = {isa = PBXFileReference; lastKnownFileType = image.png; path = bar1.png; sourceTree = "<group>"; };
		472D17E216F791E90002BAC8 /* blank.png */ = {isa = PBXFileReference; lastKnownFileType = image.png; path = blank.png; sourceTree = "<group>"; };
		472D17E316F791E90002BAC8 /* board.png */ = {isa = PBXFileReference; lastKnownFileType = image.png; path = board.png; sourceTree = "<group>"; };
		472D17E416F791E90002BAC8 /* brown_bg.png */ = {isa = PBXFileReference; lastKnownFileType = image.png; path = brown_bg.png; sourceTree = "<group>"; };
		472D17E516F791E90002BAC8 /* brown_nev2.png */ = {isa = PBXFileReference; lastKnownFileType = image.png; path = brown_nev2.png; sourceTree = "<group>"; };
		472D17EB16F791E90002BAC8 /* canclebtn.png */ = {isa = PBXFileReference; lastKnownFileType = image.png; path = canclebtn.png; sourceTree = "<group>"; };
		472D17EC16F791E90002BAC8 /* computer.png */ = {isa = PBXFileReference; lastKnownFileType = image.png; path = computer.png; sourceTree = "<group>"; };
		472D17ED16F791E90002BAC8 /* computer_btn.png */ = {isa = PBXFileReference; lastKnownFileType = image.png; path = computer_btn.png; sourceTree = "<group>"; };
		472D17EE16F791E90002BAC8 /* computer_text_bg.png */ = {isa = PBXFileReference; lastKnownFileType = image.png; path = computer_text_bg.png; sourceTree = "<group>"; };
		472D17EF16F791E90002BAC8 /* computer_texta.png */ = {isa = PBXFileReference; lastKnownFileType = image.png; path = computer_texta.png; sourceTree = "<group>"; };
		472D17F016F791E90002BAC8 /* computer_textb.png */ = {isa = PBXFileReference; lastKnownFileType = image.png; path = computer_textb.png; sourceTree = "<group>"; };
		472D17F116F791E90002BAC8 /* cross_btn.png */ = {isa = PBXFileReference; lastKnownFileType = image.png; path = cross_btn.png; sourceTree = "<group>"; };
		472D17F216F791E90002BAC8 /* crossover.png */ = {isa = PBXFileReference; lastKnownFileType = image.png; path = crossover.png; sourceTree = "<group>"; };
		472D17F316F791E90002BAC8 /* digital_bg.png */ = {isa = PBXFileReference; lastKnownFileType = image.png; path = digital_bg.png; sourceTree = "<group>"; };
		472D17F416F791E90002BAC8 /* digital_bg2.png */ = {isa = PBXFileReference; lastKnownFileType = image.png; path = digital_bg2.png; sourceTree = "<group>"; };
		472D17F516F791E90002BAC8 /* email.png */ = {isa = PBXFileReference; lastKnownFileType = image.png; path = email.png; sourceTree = "<group>"; };
		472D17F616F791E90002BAC8 /* facebook.png */ = {isa = PBXFileReference; lastKnownFileType = image.png; path = facebook.png; sourceTree = "<group>"; };
		472D17F716F791E90002BAC8 /* hard.png */ = {isa = PBXFileReference; lastKnownFileType = image.png; path = hard.png; sourceTree = "<group>"; };
		472D17F816F791E90002BAC8 /* help.png */ = {isa = PBXFileReference; lastKnownFileType = image.png; path = help.png; sourceTree = "<group>"; };
		472D17F916F791E90002BAC8 /* i1.png */ = {isa = PBXFileReference; lastKnownFileType = image.png; path = i1.png; sourceTree = "<group>"; };
		472D17FA16F791E90002BAC8 /* i10.png */ = {isa = PBXFileReference; lastKnownFileType = image.png; path = i10.png; sourceTree = "<group>"; };
		472D17FB16F791E90002BAC8 /* i11.png */ = {isa = PBXFileReference; lastKnownFileType = image.png; path = i11.png; sourceTree = "<group>"; };
		472D17FC16F791E90002BAC8 /* i12.png */ = {isa = PBXFileReference; lastKnownFileType = image.png; path = i12.png; sourceTree = "<group>"; };
		472D17FD16F791E90002BAC8 /* i13.png */ = {isa = PBXFileReference; lastKnownFileType = image.png; path = i13.png; sourceTree = "<group>"; };
		472D17FE16F791E90002BAC8 /* i14.png */ = {isa = PBXFileReference; lastKnownFileType = image.png; path = i14.png; sourceTree = "<group>"; };
		472D17FF16F791E90002BAC8 /* i15.png */ = {isa = PBXFileReference; lastKnownFileType = image.png; path = i15.png; sourceTree = "<group>"; };
		472D180016F791E90002BAC8 /* i16.png */ = {isa = PBXFileReference; lastKnownFileType = image.png; path = i16.png; sourceTree = "<group>"; };
		472D180116F791E90002BAC8 /* i17.png */ = {isa = PBXFileReference; lastKnownFileType = image.png; path = i17.png; sourceTree = "<group>"; };
		472D180216F791E90002BAC8 /* i18.png */ = {isa = PBXFileReference; lastKnownFileType = image.png; path = i18.png; sourceTree = "<group>"; };
		472D180316F791E90002BAC8 /* i19.png */ = {isa = PBXFileReference; lastKnownFileType = image.png; path = i19.png; sourceTree = "<group>"; };
		472D180416F791E90002BAC8 /* i2.png */ = {isa = PBXFileReference; lastKnownFileType = image.png; path = i2.png; sourceTree = "<group>"; };
		472D180516F791E90002BAC8 /* i20.png */ = {isa = PBXFileReference; lastKnownFileType = image.png; path = i20.png; sourceTree = "<group>"; };
		472D180616F791E90002BAC8 /* i3.png */ = {isa = PBXFileReference; lastKnownFileType = image.png; path = i3.png; sourceTree = "<group>"; };
		472D180716F791E90002BAC8 /* i4.png */ = {isa = PBXFileReference; lastKnownFileType = image.png; path = i4.png; sourceTree = "<group>"; };
		472D180816F791E90002BAC8 /* i5.png */ = {isa = PBXFileReference; lastKnownFileType = image.png; path = i5.png; sourceTree = "<group>"; };
		472D180916F791E90002BAC8 /* i6.png */ = {isa = PBXFileReference; lastKnownFileType = image.png; path = i6.png; sourceTree = "<group>"; };
		472D180A16F791E90002BAC8 /* i7.png */ = {isa = PBXFileReference; lastKnownFileType = image.png; path = i7.png; sourceTree = "<group>"; };
		472D180B16F791E90002BAC8 /* i8.png */ = {isa = PBXFileReference; lastKnownFileType = image.png; path = i8.png; sourceTree = "<group>"; };
		472D180C16F791E90002BAC8 /* i9.png */ = {isa = PBXFileReference; lastKnownFileType = image.png; path = i9.png; sourceTree = "<group>"; };
		472D180D16F791E90002BAC8 /* icon-72.png */ = {isa = PBXFileReference; lastKnownFileType = image.png; path = "icon-72.png"; sourceTree = "<group>"; };
		472D180E16F791E90002BAC8 /* icon-72@2x.png */ = {isa = PBXFileReference; lastKnownFileType = image.png; path = "icon-72@2x.png"; sourceTree = "<group>"; };
		472D180F16F791E90002BAC8 /* icon-Small-50.png */ = {isa = PBXFileReference; lastKnownFileType = image.png; path = "icon-Small-50.png"; sourceTree = "<group>"; };
		472D181016F791E90002BAC8 /* icon-Small.png */ = {isa = PBXFileReference; lastKnownFileType = image.png; path = "icon-Small.png"; sourceTree = "<group>"; };
		472D181116F791E90002BAC8 /* icon-Small@2x.png */ = {isa = PBXFileReference; lastKnownFileType = image.png; path = "icon-Small@2x.png"; sourceTree = "<group>"; };
		472D181216F791E90002BAC8 /* icon.png */ = {isa = PBXFileReference; lastKnownFileType = image.png; path = icon.png; sourceTree = "<group>"; };
		472D181316F791E90002BAC8 /* icon@2x.png */ = {isa = PBXFileReference; lastKnownFileType = image.png; path = "icon@2x.png"; sourceTree = "<group>"; };
		472D181416F791E90002BAC8 /* medium.png */ = {isa = PBXFileReference; lastKnownFileType = image.png; path = medium.png; sourceTree = "<group>"; };
		472D181516F791E90002BAC8 /* new_game.png */ = {isa = PBXFileReference; lastKnownFileType = image.png; path = new_game.png; sourceTree = "<group>"; };
		472D181C16F791E90002BAC8 /* player1_digitaltimer.png */ = {isa = PBXFileReference; lastKnownFileType = image.png; path = player1_digitaltimer.png; sourceTree = "<group>"; };
		472D181E16F791E90002BAC8 /* player_1_texta.png */ = {isa = PBXFileReference; lastKnownFileType = image.png; path = player_1_texta.png; sourceTree = "<group>"; };
		472D181F16F791E90002BAC8 /* player_1_textb.png */ = {isa = PBXFileReference; lastKnownFileType = image.png; path = player_1_textb.png; sourceTree = "<group>"; };
		472D182016F791E90002BAC8 /* player_2_texta.png */ = {isa = PBXFileReference; lastKnownFileType = image.png; path = player_2_texta.png; sourceTree = "<group>"; };
		472D182116F791E90002BAC8 /* player_2_textb.png */ = {isa = PBXFileReference; lastKnownFileType = image.png; path = player_2_textb.png; sourceTree = "<group>"; };
		472D182216F791E90002BAC8 /* player_a_1.png */ = {isa = PBXFileReference; lastKnownFileType = image.png; path = player_a_1.png; sourceTree = "<group>"; };
		472D182316F791E90002BAC8 /* player_a_10.png */ = {isa = PBXFileReference; lastKnownFileType = image.png; path = player_a_10.png; sourceTree = "<group>"; };
		472D182416F791E90002BAC8 /* player_a_11.png */ = {isa = PBXFileReference; lastKnownFileType = image.png; path = player_a_11.png; sourceTree = "<group>"; };
		472D182516F791E90002BAC8 /* player_a_12.png */ = {isa = PBXFileReference; lastKnownFileType = image.png; path = player_a_12.png; sourceTree = "<group>"; };
		472D182616F791E90002BAC8 /* player_a_13.png */ = {isa = PBXFileReference; lastKnownFileType = image.png; path = player_a_13.png; sourceTree = "<group>"; };
		472D182716F791E90002BAC8 /* player_a_14.png */ = {isa = PBXFileReference; lastKnownFileType = image.png; path = player_a_14.png; sourceTree = "<group>"; };
		472D182816F791E90002BAC8 /* player_a_15.png */ = {isa = PBXFileReference; lastKnownFileType = image.png; path = player_a_15.png; sourceTree = "<group>"; };
		472D182916F791E90002BAC8 /* player_a_16.png */ = {isa = PBXFileReference; lastKnownFileType = image.png; path = player_a_16.png; sourceTree = "<group>"; };
		472D182A16F791E90002BAC8 /* player_a_17.png */ = {isa = PBXFileReference; lastKnownFileType = image.png; path = player_a_17.png; sourceTree = "<group>"; };
		472D182B16F791E90002BAC8 /* player_a_18.png */ = {isa = PBXFileReference; lastKnownFileType = image.png; path = player_a_18.png; sourceTree = "<group>"; };
		472D182C16F791E90002BAC8 /* player_a_19.png */ = {isa = PBXFileReference; lastKnownFileType = image.png; path = player_a_19.png; sourceTree = "<group>"; };
		472D182D16F791E90002BAC8 /* player_a_2.png */ = {isa = PBXFileReference; lastKnownFileType = image.png; path = player_a_2.png; sourceTree = "<group>"; };
		472D182E16F791E90002BAC8 /* player_a_20.png */ = {isa = PBXFileReference; lastKnownFileType = image.png; path = player_a_20.png; sourceTree = "<group>"; };
		472D182F16F791E90002BAC8 /* player_a_3.png */ = {isa = PBXFileReference; lastKnownFileType = image.png; path = player_a_3.png; sourceTree = "<group>"; };
		472D183016F791E90002BAC8 /* player_a_4.png */ = {isa = PBXFileReference; lastKnownFileType = image.png; path = player_a_4.png; sourceTree = "<group>"; };
		472D183116F791E90002BAC8 /* player_a_5.png */ = {isa = PBXFileReference; lastKnownFileType = image.png; path = player_a_5.png; sourceTree = "<group>"; };
		472D183216F791E90002BAC8 /* player_a_6.png */ = {isa = PBXFileReference; lastKnownFileType = image.png; path = player_a_6.png; sourceTree = "<group>"; };
		472D183316F791E90002BAC8 /* player_a_7.png */ = {isa = PBXFileReference; lastKnownFileType = image.png; path = player_a_7.png; sourceTree = "<group>"; };
		472D183416F791E90002BAC8 /* player_a_8.png */ = {isa = PBXFileReference; lastKnownFileType = image.png; path = player_a_8.png; sourceTree = "<group>"; };
		472D183516F791E90002BAC8 /* player_a_9.png */ = {isa = PBXFileReference; lastKnownFileType = image.png; path = player_a_9.png; sourceTree = "<group>"; };
		472D183616F791E90002BAC8 /* player_a_blue.png */ = {isa = PBXFileReference; lastKnownFileType = image.png; path = player_a_blue.png; sourceTree = "<group>"; };
		472D183716F791E90002BAC8 /* player_a_brown.png */ = {isa = PBXFileReference; lastKnownFileType = image.png; path = player_a_brown.png; sourceTree = "<group>"; };
		472D183816F791E90002BAC8 /* player_a_darkred.png */ = {isa = PBXFileReference; lastKnownFileType = image.png; path = player_a_darkred.png; sourceTree = "<group>"; };
		472D183916F791E90002BAC8 /* player_a_green.png */ = {isa = PBXFileReference; lastKnownFileType = image.png; path = player_a_green.png; sourceTree = "<group>"; };
		472D183A16F791E90002BAC8 /* player_a_purple.png */ = {isa = PBXFileReference; lastKnownFileType = image.png; path = player_a_purple.png; sourceTree = "<group>"; };
		472D183B16F791E90002BAC8 /* player_a_red.png */ = {isa = PBXFileReference; lastKnownFileType = image.png; path = player_a_red.png; sourceTree = "<group>"; };
		472D183E16F791E90002BAC8 /* player_b_1.png */ = {isa = PBXFileReference; lastKnownFileType = image.png; path = player_b_1.png; sourceTree = "<group>"; };
		472D183F16F791E90002BAC8 /* player_b_10.png */ = {isa = PBXFileReference; lastKnownFileType = image.png; path = player_b_10.png; sourceTree = "<group>"; };
		472D184016F791E90002BAC8 /* player_b_11.png */ = {isa = PBXFileReference; lastKnownFileType = image.png; path = player_b_11.png; sourceTree = "<group>"; };
		472D184116F791E90002BAC8 /* player_b_12.png */ = {isa = PBXFileReference; lastKnownFileType = image.png; path = player_b_12.png; sourceTree = "<group>"; };
		472D184216F791E90002BAC8 /* player_b_13.png */ = {isa = PBXFileReference; lastKnownFileType = image.png; path = player_b_13.png; sourceTree = "<group>"; };
		472D184316F791E90002BAC8 /* player_b_14.png */ = {isa = PBXFileReference; lastKnownFileType = image.png; path = player_b_14.png; sourceTree = "<group>"; };
		472D184416F791E90002BAC8 /* player_b_15.png */ = {isa = PBXFileReference; lastKnownFileType = image.png; path = player_b_15.png; sourceTree = "<group>"; };
		472D184516F791E90002BAC8 /* player_b_16.png */ = {isa = PBXFileReference; lastKnownFileType = image.png; path = player_b_16.png; sourceTree = "<group>"; };
		472D184616F791E90002BAC8 /* player_b_17.png */ = {isa = PBXFileReference; lastKnownFileType = image.png; path = player_b_17.png; sourceTree = "<group>"; };
		472D184716F791E90002BAC8 /* player_b_18.png */ = {isa = PBXFileReference; lastKnownFileType = image.png; path = player_b_18.png; sourceTree = "<group>"; };
		472D184816F791E90002BAC8 /* player_b_19.png */ = {isa = PBXFileReference; lastKnownFileType = image.png; path = player_b_19.png; sourceTree = "<group>"; };
		472D184916F791E90002BAC8 /* player_b_2.png */ = {isa = PBXFileReference; lastKnownFileType = image.png; path = player_b_2.png; sourceTree = "<group>"; };
		472D184A16F791E90002BAC8 /* player_b_20.png */ = {isa = PBXFileReference; lastKnownFileType = image.png; path = player_b_20.png; sourceTree = "<group>"; };
		472D184B16F791E90002BAC8 /* player_b_3.png */ = {isa = PBXFileReference; lastKnownFileType = image.png; path = player_b_3.png; sourceTree = "<group>"; };
		472D184C16F791E90002BAC8 /* player_b_4.png */ = {isa = PBXFileReference; lastKnownFileType = image.png; path = player_b_4.png; sourceTree = "<group>"; };
		472D184D16F791E90002BAC8 /* player_b_5.png */ = {isa = PBXFileReference; lastKnownFileType = image.png; path = player_b_5.png; sourceTree = "<group>"; };
		472D184E16F791E90002BAC8 /* player_b_6.png */ = {isa = PBXFileReference; lastKnownFileType = image.png; path = player_b_6.png; sourceTree = "<group>"; };
		472D184F16F791E90002BAC8 /* player_b_7.png */ = {isa = PBXFileReference; lastKnownFileType = image.png; path = player_b_7.png; sourceTree = "<group>"; };
		472D185016F791E90002BAC8 /* player_b_8.png */ = {isa = PBXFileReference; lastKnownFileType = image.png; path = player_b_8.png; sourceTree = "<group>"; };
		472D185116F791E90002BAC8 /* player_b_9.png */ = {isa = PBXFileReference; lastKnownFileType = image.png; path = player_b_9.png; sourceTree = "<group>"; };
		472D185216F791E90002BAC8 /* player_b_blue.png */ = {isa = PBXFileReference; lastKnownFileType = image.png; path = player_b_blue.png; sourceTree = "<group>"; };
		472D185316F791E90002BAC8 /* player_b_brown.png */ = {isa = PBXFileReference; lastKnownFileType = image.png; path = player_b_brown.png; sourceTree = "<group>"; };
		472D185416F791E90002BAC8 /* player_b_darkred.png */ = {isa = PBXFileReference; lastKnownFileType = image.png; path = player_b_darkred.png; sourceTree = "<group>"; };
		472D185516F791E90002BAC8 /* player_b_green.png */ = {isa = PBXFileReference; lastKnownFileType = image.png; path = player_b_green.png; sourceTree = "<group>"; };
		472D185616F791E90002BAC8 /* player_b_purple.png */ = {isa = PBXFileReference; lastKnownFileType = image.png; path = player_b_purple.png; sourceTree = "<group>"; };
		472D185716F791E90002BAC8 /* player_b_red.png */ = {isa = PBXFileReference; lastKnownFileType = image.png; path = player_b_red.png; sourceTree = "<group>"; };
		472D185916F791E90002BAC8 /* playervscomputer.png */ = {isa = PBXFileReference; lastKnownFileType = image.png; path = playervscomputer.png; sourceTree = "<group>"; };
		472D185A16F791E90002BAC8 /* playervsplayer.png */ = {isa = PBXFileReference; lastKnownFileType = image.png; path = playervsplayer.png; sourceTree = "<group>"; };
		472D185D16F791E90002BAC8 /* select_botton_bg.png */ = {isa = PBXFileReference; lastKnownFileType = image.png; path = select_botton_bg.png; sourceTree = "<group>"; };
		472D185F16F791E90002BAC8 /* select_player2_bg.png */ = {isa = PBXFileReference; lastKnownFileType = image.png; path = select_player2_bg.png; sourceTree = "<group>"; };
		472D186016F791E90002BAC8 /* selectcoins_btn.png */ = {isa = PBXFileReference; lastKnownFileType = image.png; path = selectcoins_btn.png; sourceTree = "<group>"; };
		472D186116F791E90002BAC8 /* setting_btn.png */ = {isa = PBXFileReference; lastKnownFileType = image.png; path = setting_btn.png; sourceTree = "<group>"; };
		472D186216F791E90002BAC8 /* share_btn.png */ = {isa = PBXFileReference; lastKnownFileType = image.png; path = share_btn.png; sourceTree = "<group>"; };
		472D186316F791E90002BAC8 /* simple.png */ = {isa = PBXFileReference; lastKnownFileType = image.png; path = simple.png; sourceTree = "<group>"; };
		472D186416F791E90002BAC8 /* sound_btn.png */ = {isa = PBXFileReference; lastKnownFileType = image.png; path = sound_btn.png; sourceTree = "<group>"; };
		472D186516F791E90002BAC8 /* text.png */ = {isa = PBXFileReference; lastKnownFileType = image.png; path = text.png; sourceTree = "<group>"; };
		472D186616F791E90002BAC8 /* twitter.png */ = {isa = PBXFileReference; lastKnownFileType = image.png; path = twitter.png; sourceTree = "<group>"; };
		472D186816F791E90002BAC8 /* winner_player1.png */ = {isa = PBXFileReference; lastKnownFileType = image.png; path = winner_player1.png; sourceTree = "<group>"; };
		472D186916F791E90002BAC8 /* wood_bg.png */ = {isa = PBXFileReference; lastKnownFileType = image.png; path = wood_bg.png; sourceTree = "<group>"; };
		472D186A16F791E90002BAC8 /* wood_bg2.png */ = {isa = PBXFileReference; lastKnownFileType = image.png; path = wood_bg2.png; sourceTree = "<group>"; };
		472D186B16F791E90002BAC8 /* woodboard1.png */ = {isa = PBXFileReference; lastKnownFileType = image.png; path = woodboard1.png; sourceTree = "<group>"; };
		472D186C16F791E90002BAC8 /* woodboard2.png */ = {isa = PBXFileReference; lastKnownFileType = image.png; path = woodboard2.png; sourceTree = "<group>"; };
		472D186D16F791E90002BAC8 /* woodbtn_big.png */ = {isa = PBXFileReference; lastKnownFileType = image.png; path = woodbtn_big.png; sourceTree = "<group>"; };
		472D186E16F791E90002BAC8 /* woodbtn_small.png */ = {isa = PBXFileReference; lastKnownFileType = image.png; path = woodbtn_small.png; sourceTree = "<group>"; };
		472D190716F7929B0002BAC8 /* en */ = {isa = PBXFileReference; lastKnownFileType = text.plist.strings; name = en; path = InfoPlist.strings; sourceTree = "<group>"; };
		472D190916F7929B0002BAC8 /* en */ = {isa = PBXFileReference; lastKnownFileType = file.xib; name = en; path = ViewController_iPad.xib; sourceTree = "<group>"; };
		472D190B16F7929B0002BAC8 /* en */ = {isa = PBXFileReference; lastKnownFileType = file.xib; name = en; path = ViewController_iPhone.xib; sourceTree = "<group>"; };
		472D191016F792D50002BAC8 /* main.m */ = {isa = PBXFileReference; fileEncoding = 4; lastKnownFileType = sourcecode.c.objc; name = main.m; path = Supporting/main.m; sourceTree = "<group>"; };
		472D191216F7938C0002BAC8 /* crossover-Info.plist */ = {isa = PBXFileReference; fileEncoding = 4; lastKnownFileType = text.plist.xml; path = "crossover-Info.plist"; sourceTree = "<group>"; };
		472D191416F793CB0002BAC8 /* crossover-Prefix.pch */ = {isa = PBXFileReference; fileEncoding = 4; lastKnownFileType = sourcecode.c.h; path = "crossover-Prefix.pch"; sourceTree = "<group>"; };
		4741B43C172406C300FC7008 /* button_off.png */ = {isa = PBXFileReference; lastKnownFileType = image.png; path = button_off.png; sourceTree = "<group>"; };
		4741B43D172406C300FC7008 /* button_on.png */ = {isa = PBXFileReference; lastKnownFileType = image.png; path = button_on.png; sourceTree = "<group>"; };
		4741B44017241D3800FC7008 /* button_share.png */ = {isa = PBXFileReference; lastKnownFileType = image.png; path = button_share.png; sourceTree = "<group>"; };
		4741B44217241DEC00FC7008 /* button_mainmenu.png */ = {isa = PBXFileReference; lastKnownFileType = image.png; path = button_mainmenu.png; sourceTree = "<group>"; };
		4741B44417242A1800FC7008 /* button_resume.png */ = {isa = PBXFileReference; lastKnownFileType = image.png; path = button_resume.png; sourceTree = "<group>"; };
		4741B446172430C500FC7008 /* button_yes.png */ = {isa = PBXFileReference; lastKnownFileType = image.png; path = button_yes.png; sourceTree = "<group>"; };
		4741B448172430D300FC7008 /* button_no.png */ = {isa = PBXFileReference; lastKnownFileType = image.png; path = button_no.png; sourceTree = "<group>"; };
		47426A121708B07F00BEBF77 /* ShowWinnerViewController.h */ = {isa = PBXFileReference; fileEncoding = 4; lastKnownFileType = sourcecode.c.h; path = ShowWinnerViewController.h; sourceTree = "<group>"; };
		47426A131708B07F00BEBF77 /* ShowWinnerViewController.m */ = {isa = PBXFileReference; fileEncoding = 4; lastKnownFileType = sourcecode.c.objc; path = ShowWinnerViewController.m; sourceTree = "<group>"; };
		4774063D16FF50A200A0C0D5 /* captured_bg.png */ = {isa = PBXFileReference; lastKnownFileType = image.png; path = captured_bg.png; sourceTree = "<group>"; };
		47B34E6E17223138008909AD /* bg_select_player.png */ = {isa = PBXFileReference; lastKnownFileType = image.png; path = bg_select_player.png; sourceTree = "<group>"; };
		47B34E701723C659008909AD /* button_player_one.png */ = {isa = PBXFileReference; lastKnownFileType = image.png; path = button_player_one.png; sourceTree = "<group>"; };
		47B34E711723C659008909AD /* button_player_two.png */ = {isa = PBXFileReference; lastKnownFileType = image.png; path = button_player_two.png; sourceTree = "<group>"; };
		47B34E721723C659008909AD /* text_player_one_1.png */ = {isa = PBXFileReference; lastKnownFileType = image.png; path = text_player_one_1.png; sourceTree = "<group>"; };
		47B34E731723C659008909AD /* text_player_one_2.png */ = {isa = PBXFileReference; lastKnownFileType = image.png; path = text_player_one_2.png; sourceTree = "<group>"; };
/* End PBXFileReference section */

/* Begin PBXFrameworksBuildPhase section */
		04E4687516DE0A88008479F0 /* Frameworks */ = {
			isa = PBXFrameworksBuildPhase;
			buildActionMask = 2147483647;
			files = (
				04DD983016DE2568003E8AA8 /* GameKit.framework in Frameworks */,
				04E4687D16DE0A88008479F0 /* UIKit.framework in Frameworks */,
				04E4687F16DE0A88008479F0 /* Foundation.framework in Frameworks */,
				04E4688116DE0A88008479F0 /* CoreGraphics.framework in Frameworks */,
			);
			runOnlyForDeploymentPostprocessing = 0;
		};
/* End PBXFrameworksBuildPhase section */

/* Begin PBXGroup section */
		04D1899117016B7A00CCE3D5 /* Supporting */ = {
			isa = PBXGroup;
			children = (
				04D1899217016B7A00CCE3D5 /* DigitalRegular.ttf */,
				04D1899317016B7A00CCE3D5 /* InfoPlist.strings */,
				04D1899517016B7A00CCE3D5 /* ViewController_iPad.xib */,
				04D1899717016B7A00CCE3D5 /* ViewController_iPhone.xib */,
				04D1899917016B7A00CCE3D5 /* main.m */,
			);
			path = Supporting;
			sourceTree = "<group>";
		};
		04E4686D16DE0A88008479F0 = {
			isa = PBXGroup;
			children = (
				04DD982F16DE2568003E8AA8 /* GameKit.framework */,
				0404D0E816DE1324000BC07A /* Default-568h@2x.png */,
				04E4688216DE0A88008479F0 /* crossover */,
				04E4687B16DE0A88008479F0 /* Frameworks */,
				04E4687916DE0A88008479F0 /* Products */,
			);
			sourceTree = "<group>";
		};
		04E4687916DE0A88008479F0 /* Products */ = {
			isa = PBXGroup;
			children = (
				04E4687816DE0A88008479F0 /* crossover.app */,
			);
			name = Products;
			sourceTree = "<group>";
		};
		04E4687B16DE0A88008479F0 /* Frameworks */ = {
			isa = PBXGroup;
			children = (
				04E4687C16DE0A88008479F0 /* UIKit.framework */,
				04E4687E16DE0A88008479F0 /* Foundation.framework */,
				04E4688016DE0A88008479F0 /* CoreGraphics.framework */,
			);
			name = Frameworks;
			sourceTree = "<group>";
		};
		04E4688216DE0A88008479F0 /* crossover */ = {
			isa = PBXGroup;
			children = (
				04D1899117016B7A00CCE3D5 /* Supporting */,
				472D191416F793CB0002BAC8 /* crossover-Prefix.pch */,
				472D191216F7938C0002BAC8 /* crossover-Info.plist */,
				472D17D216F783FA0002BAC8 /* model */,
				472D17C716F783D90002BAC8 /* ViewController */,
				04E4688B16DE0A88008479F0 /* AppDelegate.h */,
				04E4688C16DE0A88008479F0 /* AppDelegate.m */,
				04A2D87916E0E0F5001ECD83 /* framework */,
				04E4688316DE0A88008479F0 /* Supporting Files */,
			);
			path = crossover;
			sourceTree = "<group>";
		};
		04E4688316DE0A88008479F0 /* Supporting Files */ = {
			isa = PBXGroup;
			children = (
				472D191016F792D50002BAC8 /* main.m */,
				472D190516F7929B0002BAC8 /* en.lproj */,
				472D17DC16F791E90002BAC8 /* images */,
			);
			name = "Supporting Files";
			sourceTree = "<group>";
		};
		472D17C716F783D90002BAC8 /* ViewController */ = {
			isa = PBXGroup;
			children = (
				472D17C816F783D90002BAC8 /* BoardUIView.h */,
				472D17C916F783D90002BAC8 /* BoardUIView.m */,
				472D17CC16F783D90002BAC8 /* GameController.h */,
				472D17CD16F783D90002BAC8 /* GameController.m */,
				47426A121708B07F00BEBF77 /* ShowWinnerViewController.h */,
				47426A131708B07F00BEBF77 /* ShowWinnerViewController.m */,
				04DB7A91171FC7F400687B44 /* SettingsViewController.h */,
				04DB7A92171FC7F400687B44 /* SettingsViewController.m */,
				04DB7A94171FCBC400687B44 /* SettingsBackgroundUIView.h */,
				04DB7A95171FCBC400687B44 /* SettingsBackgroundUIView.m */,
			);
			path = ViewController;
			sourceTree = "<group>";
		};
		472D17D216F783FA0002BAC8 /* model */ = {
			isa = PBXGroup;
			children = (
				044E4BB1170B0403006905DE /* GCHelper.h */,
				044E4BB2170B0403006905DE /* GCHelper.m */,
				044E4BB3170B0403006905DE /* GKMatchmakerViewController-LandscapeOnly.h */,
				044E4BB4170B0403006905DE /* GKMatchmakerViewController-LandscapeOnly.m */,
				048736C217054D4F00ECBA8F /* AiEngine.h */,
				048736C317054D4F00ECBA8F /* AiEngine.m */,
				048736C417054D4F00ECBA8F /* GameModel.h */,
				048736C517054D4F00ECBA8F /* GameModel.m */,
				048736C617054D4F00ECBA8F /* GlobalSingleton.h */,
				048736C717054D4F00ECBA8F /* GlobalSingleton.m */,
				048736C817054D4F00ECBA8F /* RulesForDoubleJumpvsPlayer.h */,
				048736C917054D4F00ECBA8F /* RulesForDoubleJumpvsPlayer.m */,
				048736CA17054D4F00ECBA8F /* RulesForSingleJumpVsPalyer.h */,
				048736CB17054D4F00ECBA8F /* RulesForSingleJumpVsPalyer.m */,
				048736CC17054D4F00ECBA8F /* ValidMoveDirections.h */,
				048736CD17054D4F00ECBA8F /* ValidMoveDirections.m */,
				048736D417054FED00ECBA8F /* PlayerPlacements.h */,
				048736D517054FED00ECBA8F /* PlayerPlacements.m */,
				04DDD4A0171ED4A500C7ABBA /* iPhoneCGRect.h */,
				04DDD4A1171ED4A500C7ABBA /* iPhoneCGRect.m */,
				04DDD4A3171ED4B600C7ABBA /* iPadCGRect.h */,
				04DDD4A4171ED4B600C7ABBA /* iPadCGRect.m */,
			);
			path = model;
			sourceTree = "<group>";
		};
		472D17DC16F791E90002BAC8 /* images */ = {
			isa = PBXGroup;
			children = (
				4741B448172430D300FC7008 /* button_no.png */,
				4741B446172430C500FC7008 /* button_yes.png */,
				4741B44417242A1800FC7008 /* button_resume.png */,
				4741B44217241DEC00FC7008 /* button_mainmenu.png */,
				4741B44017241D3800FC7008 /* button_share.png */,
				4741B43C172406C300FC7008 /* button_off.png */,
				4741B43D172406C300FC7008 /* button_on.png */,
				47B34E701723C659008909AD /* button_player_one.png */,
				47B34E711723C659008909AD /* button_player_two.png */,
				47B34E721723C659008909AD /* text_player_one_1.png */,
				47B34E731723C659008909AD /* text_player_one_2.png */,
				47B34E6E17223138008909AD /* bg_select_player.png */,
				04DB7AA71720138C00687B44 /* button_next.png */,
				04DB7AA81720138D00687B44 /* button_previous.png */,
				04DB7AA51720104800687B44 /* bg_white.png */,
				04DB7A99171FF9CE00687B44 /* blank_coin2.png */,
				04DB7A9A171FF9CE00687B44 /* settings_bg.png */,
				04DB7A9B171FF9CE00687B44 /* settings_bg@2x.png */,
				04DB7A9C171FF9CE00687B44 /* settings_bg@2x~ipad.png */,
				04DB7A9D171FF9CE00687B44 /* settings_bg~ipad.png */,
				04DB7A9E171FF9CE00687B44 /* settings_bg568h@2x.png */,
				04DB7A97171FDB3500687B44 /* button_play.png */,
				04DB7A8B171FBCD400687B44 /* button_pause.png */,
				04DB7A8C171FBCD400687B44 /* button_refresh.png */,
				04DB7A8D171FBCD400687B44 /* button_settings.png */,
				04DDD492171EB53500C7ABBA /* blank_coin.png */,
				4774063D16FF50A200A0C0D5 /* captured_bg.png */,
				472D17DD16F791E90002BAC8 /* app_icon_100.png */,
				472D17DE16F791E90002BAC8 /* app_icon_72.png */,
				472D17DF16F791E90002BAC8 /* bar1.png */,
				472D17E216F791E90002BAC8 /* blank.png */,
				472D17E316F791E90002BAC8 /* board.png */,
				472D17E416F791E90002BAC8 /* brown_bg.png */,
				472D17E516F791E90002BAC8 /* brown_nev2.png */,
				472D17EB16F791E90002BAC8 /* canclebtn.png */,
				472D17EC16F791E90002BAC8 /* computer.png */,
				472D17ED16F791E90002BAC8 /* computer_btn.png */,
				472D17EE16F791E90002BAC8 /* computer_text_bg.png */,
				472D17EF16F791E90002BAC8 /* computer_texta.png */,
				472D17F016F791E90002BAC8 /* computer_textb.png */,
				472D17F116F791E90002BAC8 /* cross_btn.png */,
				472D17F216F791E90002BAC8 /* crossover.png */,
				472D17F316F791E90002BAC8 /* digital_bg.png */,
				472D17F416F791E90002BAC8 /* digital_bg2.png */,
				472D17F516F791E90002BAC8 /* email.png */,
				472D17F616F791E90002BAC8 /* facebook.png */,
				472D17F716F791E90002BAC8 /* hard.png */,
				472D17F816F791E90002BAC8 /* help.png */,
				472D17F916F791E90002BAC8 /* i1.png */,
				472D17FA16F791E90002BAC8 /* i10.png */,
				472D17FB16F791E90002BAC8 /* i11.png */,
				472D17FC16F791E90002BAC8 /* i12.png */,
				472D17FD16F791E90002BAC8 /* i13.png */,
				472D17FE16F791E90002BAC8 /* i14.png */,
				472D17FF16F791E90002BAC8 /* i15.png */,
				472D180016F791E90002BAC8 /* i16.png */,
				472D180116F791E90002BAC8 /* i17.png */,
				472D180216F791E90002BAC8 /* i18.png */,
				472D180316F791E90002BAC8 /* i19.png */,
				472D180416F791E90002BAC8 /* i2.png */,
				472D180516F791E90002BAC8 /* i20.png */,
				472D180616F791E90002BAC8 /* i3.png */,
				472D180716F791E90002BAC8 /* i4.png */,
				472D180816F791E90002BAC8 /* i5.png */,
				472D180916F791E90002BAC8 /* i6.png */,
				472D180A16F791E90002BAC8 /* i7.png */,
				472D180B16F791E90002BAC8 /* i8.png */,
				472D180C16F791E90002BAC8 /* i9.png */,
				472D180D16F791E90002BAC8 /* icon-72.png */,
				472D180E16F791E90002BAC8 /* icon-72@2x.png */,
				472D180F16F791E90002BAC8 /* icon-Small-50.png */,
				472D181016F791E90002BAC8 /* icon-Small.png */,
				472D181116F791E90002BAC8 /* icon-Small@2x.png */,
				472D181216F791E90002BAC8 /* icon.png */,
				472D181316F791E90002BAC8 /* icon@2x.png */,
				472D181416F791E90002BAC8 /* medium.png */,
				472D181516F791E90002BAC8 /* new_game.png */,
				472D181C16F791E90002BAC8 /* player1_digitaltimer.png */,
				472D181E16F791E90002BAC8 /* player_1_texta.png */,
				472D181F16F791E90002BAC8 /* player_1_textb.png */,
				472D182016F791E90002BAC8 /* player_2_texta.png */,
				472D182116F791E90002BAC8 /* player_2_textb.png */,
				472D182216F791E90002BAC8 /* player_a_1.png */,
				472D182316F791E90002BAC8 /* player_a_10.png */,
				472D182416F791E90002BAC8 /* player_a_11.png */,
				472D182516F791E90002BAC8 /* player_a_12.png */,
				472D182616F791E90002BAC8 /* player_a_13.png */,
				472D182716F791E90002BAC8 /* player_a_14.png */,
				472D182816F791E90002BAC8 /* player_a_15.png */,
				472D182916F791E90002BAC8 /* player_a_16.png */,
				472D182A16F791E90002BAC8 /* player_a_17.png */,
				472D182B16F791E90002BAC8 /* player_a_18.png */,
				472D182C16F791E90002BAC8 /* player_a_19.png */,
				472D182D16F791E90002BAC8 /* player_a_2.png */,
				472D182E16F791E90002BAC8 /* player_a_20.png */,
				472D182F16F791E90002BAC8 /* player_a_3.png */,
				472D183016F791E90002BAC8 /* player_a_4.png */,
				472D183116F791E90002BAC8 /* player_a_5.png */,
				472D183216F791E90002BAC8 /* player_a_6.png */,
				472D183316F791E90002BAC8 /* player_a_7.png */,
				472D183416F791E90002BAC8 /* player_a_8.png */,
				472D183516F791E90002BAC8 /* player_a_9.png */,
				472D183616F791E90002BAC8 /* player_a_blue.png */,
				472D183716F791E90002BAC8 /* player_a_brown.png */,
				472D183816F791E90002BAC8 /* player_a_darkred.png */,
				472D183916F791E90002BAC8 /* player_a_green.png */,
				472D183A16F791E90002BAC8 /* player_a_purple.png */,
				472D183B16F791E90002BAC8 /* player_a_red.png */,
				472D183E16F791E90002BAC8 /* player_b_1.png */,
				472D183F16F791E90002BAC8 /* player_b_10.png */,
				472D184016F791E90002BAC8 /* player_b_11.png */,
				472D184116F791E90002BAC8 /* player_b_12.png */,
				472D184216F791E90002BAC8 /* player_b_13.png */,
				472D184316F791E90002BAC8 /* player_b_14.png */,
				472D184416F791E90002BAC8 /* player_b_15.png */,
				472D184516F791E90002BAC8 /* player_b_16.png */,
				472D184616F791E90002BAC8 /* player_b_17.png */,
				472D184716F791E90002BAC8 /* player_b_18.png */,
				472D184816F791E90002BAC8 /* player_b_19.png */,
				472D184916F791E90002BAC8 /* player_b_2.png */,
				472D184A16F791E90002BAC8 /* player_b_20.png */,
				472D184B16F791E90002BAC8 /* player_b_3.png */,
				472D184C16F791E90002BAC8 /* player_b_4.png */,
				472D184D16F791E90002BAC8 /* player_b_5.png */,
				472D184E16F791E90002BAC8 /* player_b_6.png */,
				472D184F16F791E90002BAC8 /* player_b_7.png */,
				472D185016F791E90002BAC8 /* player_b_8.png */,
				472D185116F791E90002BAC8 /* player_b_9.png */,
				472D185216F791E90002BAC8 /* player_b_blue.png */,
				472D185316F791E90002BAC8 /* player_b_brown.png */,
				472D185416F791E90002BAC8 /* player_b_darkred.png */,
				472D185516F791E90002BAC8 /* player_b_green.png */,
				472D185616F791E90002BAC8 /* player_b_purple.png */,
				472D185716F791E90002BAC8 /* player_b_red.png */,
				472D185916F791E90002BAC8 /* playervscomputer.png */,
				472D185A16F791E90002BAC8 /* playervsplayer.png */,
				472D185D16F791E90002BAC8 /* select_botton_bg.png */,
				472D185F16F791E90002BAC8 /* select_player2_bg.png */,
				472D186016F791E90002BAC8 /* selectcoins_btn.png */,
				472D186116F791E90002BAC8 /* setting_btn.png */,
				472D186216F791E90002BAC8 /* share_btn.png */,
				472D186316F791E90002BAC8 /* simple.png */,
				472D186416F791E90002BAC8 /* sound_btn.png */,
				472D186516F791E90002BAC8 /* text.png */,
				472D186616F791E90002BAC8 /* twitter.png */,
				472D186816F791E90002BAC8 /* winner_player1.png */,
				472D186916F791E90002BAC8 /* wood_bg.png */,
				472D186A16F791E90002BAC8 /* wood_bg2.png */,
				472D186B16F791E90002BAC8 /* woodboard1.png */,
				472D186C16F791E90002BAC8 /* woodboard2.png */,
				472D186D16F791E90002BAC8 /* woodbtn_big.png */,
				472D186E16F791E90002BAC8 /* woodbtn_small.png */,
			);
			path = images;
			sourceTree = "<group>";
		};
		472D190516F7929B0002BAC8 /* en.lproj */ = {
			isa = PBXGroup;
			children = (
				472D190616F7929B0002BAC8 /* InfoPlist.strings */,
				472D190816F7929B0002BAC8 /* ViewController_iPad.xib */,
				472D190A16F7929B0002BAC8 /* ViewController_iPhone.xib */,
			);
			name = en.lproj;
			path = Supporting/en.lproj;
			sourceTree = "<group>";
		};
/* End PBXGroup section */

/* Begin PBXNativeTarget section */
		04E4687716DE0A88008479F0 /* crossover */ = {
			isa = PBXNativeTarget;
			buildConfigurationList = 04E4689916DE0A89008479F0 /* Build configuration list for PBXNativeTarget "crossover" */;
			buildPhases = (
				04E4687416DE0A88008479F0 /* Sources */,
				04E4687516DE0A88008479F0 /* Frameworks */,
				04E4687616DE0A88008479F0 /* Resources */,
			);
			buildRules = (
			);
			dependencies = (
			);
			name = crossover;
			productName = crossover;
			productReference = 04E4687816DE0A88008479F0 /* crossover.app */;
			productType = "com.apple.product-type.application";
		};
/* End PBXNativeTarget section */

/* Begin PBXProject section */
		04E4686F16DE0A88008479F0 /* Project object */ = {
			isa = PBXProject;
			attributes = {
				LastUpgradeCheck = 0460;
			};
			buildConfigurationList = 04E4687216DE0A88008479F0 /* Build configuration list for PBXProject "crossover" */;
			compatibilityVersion = "Xcode 3.2";
			developmentRegion = English;
			hasScannedForEncodings = 0;
			knownRegions = (
				en,
			);
			mainGroup = 04E4686D16DE0A88008479F0;
			productRefGroup = 04E4687916DE0A88008479F0 /* Products */;
			projectDirPath = "";
			projectRoot = "";
			targets = (
				04E4687716DE0A88008479F0 /* crossover */,
			);
		};
/* End PBXProject section */

/* Begin PBXResourcesBuildPhase section */
		04E4687616DE0A88008479F0 /* Resources */ = {
			isa = PBXResourcesBuildPhase;
			buildActionMask = 2147483647;
			files = (
				0404D0E916DE1324000BC07A /* Default-568h@2x.png in Resources */,
				04A2D87A16E0E0F5001ECD83 /* framework in Resources */,
				472D187016F791E90002BAC8 /* app_icon_100.png in Resources */,
				472D187116F791E90002BAC8 /* app_icon_72.png in Resources */,
				472D187216F791E90002BAC8 /* bar1.png in Resources */,
				472D187516F791E90002BAC8 /* blank.png in Resources */,
				472D187616F791E90002BAC8 /* board.png in Resources */,
				472D187716F791E90002BAC8 /* brown_bg.png in Resources */,
				472D187816F791E90002BAC8 /* brown_nev2.png in Resources */,
				472D187E16F791E90002BAC8 /* canclebtn.png in Resources */,
				472D187F16F791E90002BAC8 /* computer.png in Resources */,
				472D188016F791E90002BAC8 /* computer_btn.png in Resources */,
				472D188116F791E90002BAC8 /* computer_text_bg.png in Resources */,
				472D188216F791E90002BAC8 /* computer_texta.png in Resources */,
				472D188316F791E90002BAC8 /* computer_textb.png in Resources */,
				472D188416F791E90002BAC8 /* cross_btn.png in Resources */,
				472D188516F791E90002BAC8 /* crossover.png in Resources */,
				472D188616F791E90002BAC8 /* digital_bg.png in Resources */,
				472D188716F791E90002BAC8 /* digital_bg2.png in Resources */,
				472D188816F791E90002BAC8 /* email.png in Resources */,
				472D188916F791E90002BAC8 /* facebook.png in Resources */,
				472D188A16F791E90002BAC8 /* hard.png in Resources */,
				472D188B16F791E90002BAC8 /* help.png in Resources */,
				472D188C16F791E90002BAC8 /* i1.png in Resources */,
				472D188D16F791E90002BAC8 /* i10.png in Resources */,
				472D188E16F791E90002BAC8 /* i11.png in Resources */,
				472D188F16F791E90002BAC8 /* i12.png in Resources */,
				472D189016F791E90002BAC8 /* i13.png in Resources */,
				472D189116F791E90002BAC8 /* i14.png in Resources */,
				472D189216F791E90002BAC8 /* i15.png in Resources */,
				472D189316F791E90002BAC8 /* i16.png in Resources */,
				472D189416F791E90002BAC8 /* i17.png in Resources */,
				472D189516F791E90002BAC8 /* i18.png in Resources */,
				472D189616F791E90002BAC8 /* i19.png in Resources */,
				472D189716F791E90002BAC8 /* i2.png in Resources */,
				472D189816F791E90002BAC8 /* i20.png in Resources */,
				472D189916F791E90002BAC8 /* i3.png in Resources */,
				472D189A16F791E90002BAC8 /* i4.png in Resources */,
				472D189B16F791E90002BAC8 /* i5.png in Resources */,
				472D189C16F791E90002BAC8 /* i6.png in Resources */,
				472D189D16F791E90002BAC8 /* i7.png in Resources */,
				472D189E16F791E90002BAC8 /* i8.png in Resources */,
				472D189F16F791E90002BAC8 /* i9.png in Resources */,
				472D18A016F791E90002BAC8 /* icon-72.png in Resources */,
				472D18A116F791E90002BAC8 /* icon-72@2x.png in Resources */,
				472D18A216F791E90002BAC8 /* icon-Small-50.png in Resources */,
				472D18A316F791E90002BAC8 /* icon-Small.png in Resources */,
				472D18A416F791E90002BAC8 /* icon-Small@2x.png in Resources */,
				472D18A516F791E90002BAC8 /* icon.png in Resources */,
				472D18A616F791E90002BAC8 /* icon@2x.png in Resources */,
				472D18A716F791E90002BAC8 /* medium.png in Resources */,
				472D18A816F791E90002BAC8 /* new_game.png in Resources */,
				472D18AF16F791E90002BAC8 /* player1_digitaltimer.png in Resources */,
				472D18B116F791E90002BAC8 /* player_1_texta.png in Resources */,
				472D18B216F791E90002BAC8 /* player_1_textb.png in Resources */,
				472D18B316F791E90002BAC8 /* player_2_texta.png in Resources */,
				472D18B416F791E90002BAC8 /* player_2_textb.png in Resources */,
				472D18B516F791E90002BAC8 /* player_a_1.png in Resources */,
				472D18B616F791E90002BAC8 /* player_a_10.png in Resources */,
				472D18B716F791E90002BAC8 /* player_a_11.png in Resources */,
				472D18B816F791E90002BAC8 /* player_a_12.png in Resources */,
				472D18B916F791E90002BAC8 /* player_a_13.png in Resources */,
				472D18BA16F791E90002BAC8 /* player_a_14.png in Resources */,
				472D18BB16F791E90002BAC8 /* player_a_15.png in Resources */,
				472D18BC16F791E90002BAC8 /* player_a_16.png in Resources */,
				472D18BD16F791E90002BAC8 /* player_a_17.png in Resources */,
				472D18BE16F791E90002BAC8 /* player_a_18.png in Resources */,
				472D18BF16F791E90002BAC8 /* player_a_19.png in Resources */,
				472D18C016F791E90002BAC8 /* player_a_2.png in Resources */,
				472D18C116F791E90002BAC8 /* player_a_20.png in Resources */,
				472D18C216F791E90002BAC8 /* player_a_3.png in Resources */,
				472D18C316F791E90002BAC8 /* player_a_4.png in Resources */,
				472D18C416F791E90002BAC8 /* player_a_5.png in Resources */,
				472D18C516F791E90002BAC8 /* player_a_6.png in Resources */,
				472D18C616F791E90002BAC8 /* player_a_7.png in Resources */,
				472D18C716F791E90002BAC8 /* player_a_8.png in Resources */,
				472D18C816F791E90002BAC8 /* player_a_9.png in Resources */,
				472D18C916F791E90002BAC8 /* player_a_blue.png in Resources */,
				472D18CA16F791E90002BAC8 /* player_a_brown.png in Resources */,
				472D18CB16F791E90002BAC8 /* player_a_darkred.png in Resources */,
				472D18CC16F791E90002BAC8 /* player_a_green.png in Resources */,
				472D18CD16F791E90002BAC8 /* player_a_purple.png in Resources */,
				472D18CE16F791E90002BAC8 /* player_a_red.png in Resources */,
				472D18D116F791E90002BAC8 /* player_b_1.png in Resources */,
				472D18D216F791E90002BAC8 /* player_b_10.png in Resources */,
				472D18D316F791E90002BAC8 /* player_b_11.png in Resources */,
				472D18D416F791E90002BAC8 /* player_b_12.png in Resources */,
				472D18D516F791E90002BAC8 /* player_b_13.png in Resources */,
				472D18D616F791E90002BAC8 /* player_b_14.png in Resources */,
				472D18D716F791E90002BAC8 /* player_b_15.png in Resources */,
				472D18D816F791E90002BAC8 /* player_b_16.png in Resources */,
				472D18D916F791E90002BAC8 /* player_b_17.png in Resources */,
				472D18DA16F791E90002BAC8 /* player_b_18.png in Resources */,
				472D18DB16F791E90002BAC8 /* player_b_19.png in Resources */,
				472D18DC16F791E90002BAC8 /* player_b_2.png in Resources */,
				472D18DD16F791E90002BAC8 /* player_b_20.png in Resources */,
				472D18DE16F791E90002BAC8 /* player_b_3.png in Resources */,
				472D18DF16F791E90002BAC8 /* player_b_4.png in Resources */,
				472D18E016F791E90002BAC8 /* player_b_5.png in Resources */,
				472D18E116F791E90002BAC8 /* player_b_6.png in Resources */,
				472D18E216F791E90002BAC8 /* player_b_7.png in Resources */,
				472D18E316F791E90002BAC8 /* player_b_8.png in Resources */,
				472D18E416F791E90002BAC8 /* player_b_9.png in Resources */,
				472D18E516F791E90002BAC8 /* player_b_blue.png in Resources */,
				472D18E616F791E90002BAC8 /* player_b_brown.png in Resources */,
				472D18E716F791E90002BAC8 /* player_b_darkred.png in Resources */,
				472D18E816F791E90002BAC8 /* player_b_green.png in Resources */,
				472D18E916F791E90002BAC8 /* player_b_purple.png in Resources */,
				472D18EA16F791E90002BAC8 /* player_b_red.png in Resources */,
				472D18EC16F791E90002BAC8 /* playervscomputer.png in Resources */,
				472D18ED16F791E90002BAC8 /* playervsplayer.png in Resources */,
				472D18F016F791E90002BAC8 /* select_botton_bg.png in Resources */,
				472D18F216F791E90002BAC8 /* select_player2_bg.png in Resources */,
				472D18F316F791E90002BAC8 /* selectcoins_btn.png in Resources */,
				472D18F416F791E90002BAC8 /* setting_btn.png in Resources */,
				472D18F516F791E90002BAC8 /* share_btn.png in Resources */,
				472D18F616F791E90002BAC8 /* simple.png in Resources */,
				472D18F716F791E90002BAC8 /* sound_btn.png in Resources */,
				472D18F816F791E90002BAC8 /* text.png in Resources */,
				472D18F916F791E90002BAC8 /* twitter.png in Resources */,
				472D18FB16F791E90002BAC8 /* winner_player1.png in Resources */,
				472D18FC16F791E90002BAC8 /* wood_bg.png in Resources */,
				472D18FD16F791E90002BAC8 /* wood_bg2.png in Resources */,
				472D18FE16F791E90002BAC8 /* woodboard1.png in Resources */,
				472D18FF16F791E90002BAC8 /* woodboard2.png in Resources */,
				472D190016F791E90002BAC8 /* woodbtn_big.png in Resources */,
				472D190116F791E90002BAC8 /* woodbtn_small.png in Resources */,
				472D190D16F7929B0002BAC8 /* InfoPlist.strings in Resources */,
				472D190E16F7929B0002BAC8 /* ViewController_iPad.xib in Resources */,
				472D190F16F7929B0002BAC8 /* ViewController_iPhone.xib in Resources */,
				4774063E16FF50A200A0C0D5 /* captured_bg.png in Resources */,
				04D1899A17016B7A00CCE3D5 /* DigitalRegular.ttf in Resources */,
				04D1899B17016B7A00CCE3D5 /* InfoPlist.strings in Resources */,
				04D1899C17016B7A00CCE3D5 /* ViewController_iPad.xib in Resources */,
				04D1899D17016B7A00CCE3D5 /* ViewController_iPhone.xib in Resources */,
				04DDD493171EB53500C7ABBA /* blank_coin.png in Resources */,
				04DB7A8E171FBCD400687B44 /* button_pause.png in Resources */,
				04DB7A8F171FBCD400687B44 /* button_refresh.png in Resources */,
				04DB7A90171FBCD400687B44 /* button_settings.png in Resources */,
				04DB7A98171FDB3500687B44 /* button_play.png in Resources */,
				04DB7A9F171FF9CE00687B44 /* blank_coin2.png in Resources */,
				04DB7AA0171FF9CE00687B44 /* settings_bg.png in Resources */,
				04DB7AA1171FF9CE00687B44 /* settings_bg@2x.png in Resources */,
				04DB7AA2171FF9CE00687B44 /* settings_bg@2x~ipad.png in Resources */,
				04DB7AA3171FF9CE00687B44 /* settings_bg~ipad.png in Resources */,
				04DB7AA4171FF9CE00687B44 /* settings_bg568h@2x.png in Resources */,
				04DB7AA61720104800687B44 /* bg_white.png in Resources */,
				04DB7AA91720138D00687B44 /* button_next.png in Resources */,
				04DB7AAA1720138D00687B44 /* button_previous.png in Resources */,
				47B34E6F17223138008909AD /* bg_select_player.png in Resources */,
				47B34E741723C659008909AD /* button_player_one.png in Resources */,
				47B34E751723C659008909AD /* button_player_two.png in Resources */,
				47B34E761723C659008909AD /* text_player_one_1.png in Resources */,
				47B34E771723C659008909AD /* text_player_one_2.png in Resources */,
				4741B43E172406C300FC7008 /* button_off.png in Resources */,
				4741B43F172406C300FC7008 /* button_on.png in Resources */,
				4741B44117241D3800FC7008 /* button_share.png in Resources */,
				4741B44317241DEC00FC7008 /* button_mainmenu.png in Resources */,
				4741B44517242A1800FC7008 /* button_resume.png in Resources */,
				4741B447172430C500FC7008 /* button_yes.png in Resources */,
				4741B449172430D300FC7008 /* button_no.png in Resources */,
			);
			runOnlyForDeploymentPostprocessing = 0;
		};
/* End PBXResourcesBuildPhase section */

/* Begin PBXSourcesBuildPhase section */
		04E4687416DE0A88008479F0 /* Sources */ = {
			isa = PBXSourcesBuildPhase;
			buildActionMask = 2147483647;
			files = (
				04E4688D16DE0A88008479F0 /* AppDelegate.m in Sources */,
				472D17CE16F783D90002BAC8 /* BoardUIView.m in Sources */,
				472D17D016F783D90002BAC8 /* GameController.m in Sources */,
				472D191116F792D50002BAC8 /* main.m in Sources */,
				048736CE17054D4F00ECBA8F /* AiEngine.m in Sources */,
				048736CF17054D4F00ECBA8F /* GameModel.m in Sources */,
				048736D017054D4F00ECBA8F /* GlobalSingleton.m in Sources */,
				048736D117054D4F00ECBA8F /* RulesForDoubleJumpvsPlayer.m in Sources */,
				048736D217054D4F00ECBA8F /* RulesForSingleJumpVsPalyer.m in Sources */,
				048736D317054D4F00ECBA8F /* ValidMoveDirections.m in Sources */,
				048736D617054FED00ECBA8F /* PlayerPlacements.m in Sources */,
				47426A141708B07F00BEBF77 /* ShowWinnerViewController.m in Sources */,
				044E4BB5170B0403006905DE /* GCHelper.m in Sources */,
				044E4BB6170B0403006905DE /* GKMatchmakerViewController-LandscapeOnly.m in Sources */,
				04DDD4A2171ED4A500C7ABBA /* iPhoneCGRect.m in Sources */,
				04DDD4A5171ED4B600C7ABBA /* iPadCGRect.m in Sources */,
				04DB7A93171FC7F400687B44 /* SettingsViewController.m in Sources */,
				04DB7A96171FCBC400687B44 /* SettingsBackgroundUIView.m in Sources */,
			);
			runOnlyForDeploymentPostprocessing = 0;
		};
/* End PBXSourcesBuildPhase section */

/* Begin PBXVariantGroup section */
		04D1899317016B7A00CCE3D5 /* InfoPlist.strings */ = {
			isa = PBXVariantGroup;
			children = (
				04D1899417016B7A00CCE3D5 /* en */,
			);
			name = InfoPlist.strings;
			sourceTree = "<group>";
		};
		04D1899517016B7A00CCE3D5 /* ViewController_iPad.xib */ = {
			isa = PBXVariantGroup;
			children = (
				04D1899617016B7A00CCE3D5 /* en */,
			);
			name = ViewController_iPad.xib;
			sourceTree = "<group>";
		};
		04D1899717016B7A00CCE3D5 /* ViewController_iPhone.xib */ = {
			isa = PBXVariantGroup;
			children = (
				04D1899817016B7A00CCE3D5 /* en */,
			);
			name = ViewController_iPhone.xib;
			sourceTree = "<group>";
		};
		472D190616F7929B0002BAC8 /* InfoPlist.strings */ = {
			isa = PBXVariantGroup;
			children = (
				472D190716F7929B0002BAC8 /* en */,
			);
			name = InfoPlist.strings;
			sourceTree = "<group>";
		};
		472D190816F7929B0002BAC8 /* ViewController_iPad.xib */ = {
			isa = PBXVariantGroup;
			children = (
				472D190916F7929B0002BAC8 /* en */,
			);
			name = ViewController_iPad.xib;
			sourceTree = "<group>";
		};
		472D190A16F7929B0002BAC8 /* ViewController_iPhone.xib */ = {
			isa = PBXVariantGroup;
			children = (
				472D190B16F7929B0002BAC8 /* en */,
			);
			name = ViewController_iPhone.xib;
			sourceTree = "<group>";
		};
/* End PBXVariantGroup section */

/* Begin XCBuildConfiguration section */
		04E4689716DE0A89008479F0 /* Debug */ = {
			isa = XCBuildConfiguration;
			buildSettings = {
				ALWAYS_SEARCH_USER_PATHS = NO;
				ARCHS = "$(ARCHS_STANDARD_32_BIT)";
				CLANG_ENABLE_OBJC_ARC = YES;
				CLANG_WARN_CONSTANT_CONVERSION = YES;
				CLANG_WARN_ENUM_CONVERSION = YES;
				CLANG_WARN_INT_CONVERSION = YES;
				CLANG_WARN__DUPLICATE_METHOD_MATCH = YES;
				CODE_SIGN_IDENTITY = "iPhone Developer: Gurvinder Batra (Q3HXH3MWZ2)";
				"CODE_SIGN_IDENTITY[sdk=iphoneos*]" = "iPhone Developer: Gurvinder Batra (Q3HXH3MWZ2)";
				COPY_PHASE_STRIP = NO;
				GCC_C_LANGUAGE_STANDARD = gnu99;
				GCC_DYNAMIC_NO_PIC = NO;
				GCC_OPTIMIZATION_LEVEL = 0;
				GCC_PREPROCESSOR_DEFINITIONS = (
					"DEBUG=1",
					"$(inherited)",
				);
				GCC_SYMBOLS_PRIVATE_EXTERN = NO;
				GCC_VERSION = com.apple.compilers.llvm.clang.1_0;
				GCC_WARN_ABOUT_RETURN_TYPE = YES;
				GCC_WARN_UNINITIALIZED_AUTOS = YES;
				GCC_WARN_UNUSED_VARIABLE = YES;
				IPHONEOS_DEPLOYMENT_TARGET = 4.3;
				PROVISIONING_PROFILE = "F1EBF35E-E254-426D-8B53-2A1D720E4EFE";
				"PROVISIONING_PROFILE[sdk=iphoneos*]" = "F1EBF35E-E254-426D-8B53-2A1D720E4EFE";
				SDKROOT = iphoneos;
				TARGETED_DEVICE_FAMILY = "1,2";
			};
			name = Debug;
		};
		04E4689816DE0A89008479F0 /* Release */ = {
			isa = XCBuildConfiguration;
			buildSettings = {
				ALWAYS_SEARCH_USER_PATHS = NO;
				ARCHS = "$(ARCHS_STANDARD_32_BIT)";
				CLANG_ENABLE_OBJC_ARC = YES;
				CLANG_WARN_CONSTANT_CONVERSION = YES;
				CLANG_WARN_ENUM_CONVERSION = YES;
				CLANG_WARN_INT_CONVERSION = YES;
				CLANG_WARN__DUPLICATE_METHOD_MATCH = YES;
				CODE_SIGN_IDENTITY = "iPhone Developer: Gurvinder Batra (Q3HXH3MWZ2)";
				"CODE_SIGN_IDENTITY[sdk=iphoneos*]" = "iPhone Developer: Gurvinder Batra (Q3HXH3MWZ2)";
				COPY_PHASE_STRIP = YES;
				GCC_C_LANGUAGE_STANDARD = gnu99;
				GCC_VERSION = com.apple.compilers.llvm.clang.1_0;
				GCC_WARN_ABOUT_RETURN_TYPE = YES;
				GCC_WARN_UNINITIALIZED_AUTOS = YES;
				GCC_WARN_UNUSED_VARIABLE = YES;
				IPHONEOS_DEPLOYMENT_TARGET = 4.3;
				OTHER_CFLAGS = "-DNS_BLOCK_ASSERTIONS=1";
				PROVISIONING_PROFILE = "F1EBF35E-E254-426D-8B53-2A1D720E4EFE";
				"PROVISIONING_PROFILE[sdk=iphoneos*]" = "F1EBF35E-E254-426D-8B53-2A1D720E4EFE";
				SDKROOT = iphoneos;
				TARGETED_DEVICE_FAMILY = "1,2";
				VALIDATE_PRODUCT = YES;
			};
			name = Release;
		};
		04E4689A16DE0A89008479F0 /* Debug */ = {
			isa = XCBuildConfiguration;
			buildSettings = {
				CODE_SIGN_IDENTITY = "iPhone Developer: Gurvinder Batra (Q3HXH3MWZ2)";
				"CODE_SIGN_IDENTITY[sdk=iphoneos*]" = "iPhone Developer: Gurvinder Batra (Q3HXH3MWZ2)";
				FRAMEWORK_SEARCH_PATHS = (
					"$(inherited)",
					"\"$(SRCROOT)\"",
				);
				GCC_PRECOMPILE_PREFIX_HEADER = YES;
				GCC_PREFIX_HEADER = "crossover/crossover-Prefix.pch";
				INFOPLIST_FILE = "crossover/crossover-Info.plist";
				IPHONEOS_DEPLOYMENT_TARGET = 4.3;
				PRODUCT_NAME = "$(TARGET_NAME)";
				PROVISIONING_PROFILE = "F1EBF35E-E254-426D-8B53-2A1D720E4EFE";
				"PROVISIONING_PROFILE[sdk=iphoneos*]" = "F1EBF35E-E254-426D-8B53-2A1D720E4EFE";
				WRAPPER_EXTENSION = app;
			};
			name = Debug;
		};
		04E4689B16DE0A89008479F0 /* Release */ = {
			isa = XCBuildConfiguration;
			buildSettings = {
				CODE_SIGN_IDENTITY = "iPhone Developer: Gurvinder Batra (Q3HXH3MWZ2)";
				FRAMEWORK_SEARCH_PATHS = (
					"$(inherited)",
					"\"$(SRCROOT)\"",
				);
				GCC_PRECOMPILE_PREFIX_HEADER = YES;
				GCC_PREFIX_HEADER = "crossover/crossover-Prefix.pch";
				INFOPLIST_FILE = "crossover/crossover-Info.plist";
				IPHONEOS_DEPLOYMENT_TARGET = 4.3;
				PRODUCT_NAME = "$(TARGET_NAME)";
				PROVISIONING_PROFILE = "F1EBF35E-E254-426D-8B53-2A1D720E4EFE";
				WRAPPER_EXTENSION = app;
			};
			name = Release;
		};
/* End XCBuildConfiguration section */

/* Begin XCConfigurationList section */
		04E4687216DE0A88008479F0 /* Build configuration list for PBXProject "crossover" */ = {
			isa = XCConfigurationList;
			buildConfigurations = (
				04E4689716DE0A89008479F0 /* Debug */,
				04E4689816DE0A89008479F0 /* Release */,
			);
			defaultConfigurationIsVisible = 0;
			defaultConfigurationName = Release;
		};
		04E4689916DE0A89008479F0 /* Build configuration list for PBXNativeTarget "crossover" */ = {
			isa = XCConfigurationList;
			buildConfigurations = (
				04E4689A16DE0A89008479F0 /* Debug */,
				04E4689B16DE0A89008479F0 /* Release */,
			);
			defaultConfigurationIsVisible = 0;
			defaultConfigurationName = Release;
		};
/* End XCConfigurationList section */
	};
	rootObject = 04E4686F16DE0A88008479F0 /* Project object */;
}
