// !$*UTF8*$!
{
	archiveVersion = 1;
	classes = {
	};
	objectVersion = 46;
	objects = {

/* Begin PBXBuildFile section */
		0404D0E916DE1324000BC07A /* Default-568h@2x.png in Resources */ = {isa = PBXBuildFile; fileRef = 0404D0E816DE1324000BC07A /* Default-568h@2x.png */; };
		04245B2616E6122D008E87E2 /* icon.png in Resources */ = {isa = PBXBuildFile; fileRef = 04245B2516E6122D008E87E2 /* icon.png */; };
		04245B2816E6127E008E87E2 /* icon@2x.png in Resources */ = {isa = PBXBuildFile; fileRef = 04245B2716E6127E008E87E2 /* icon@2x.png */; };
		04245B2A16E6128C008E87E2 /* icon-72.png in Resources */ = {isa = PBXBuildFile; fileRef = 04245B2916E6128C008E87E2 /* icon-72.png */; };
		04245B2C16E6128F008E87E2 /* icon-72@2x.png in Resources */ = {isa = PBXBuildFile; fileRef = 04245B2B16E6128F008E87E2 /* icon-72@2x.png */; };
		0463662716E770FA00D80C4A /* GlobalUtility.m in Sources */ = {isa = PBXBuildFile; fileRef = 0463662616E770FA00D80C4A /* GlobalUtility.m */; };
		0463662A16E7719200D80C4A /* GlobalSingleton.m in Sources */ = {isa = PBXBuildFile; fileRef = 0463662916E7719200D80C4A /* GlobalSingleton.m */; };
		04A2D87A16E0E0F5001ECD83 /* framework in Resources */ = {isa = PBXBuildFile; fileRef = 04A2D87916E0E0F5001ECD83 /* framework */; };
		04A2D87C16E0E11A001ECD83 /* images in Resources */ = {isa = PBXBuildFile; fileRef = 04A2D87B16E0E11A001ECD83 /* images */; };
		04A2D87E16E0E135001ECD83 /* Supporting in Resources */ = {isa = PBXBuildFile; fileRef = 04A2D87D16E0E135001ECD83 /* Supporting */; };
		04DD983016DE2568003E8AA8 /* GameKit.framework in Frameworks */ = {isa = PBXBuildFile; fileRef = 04DD982F16DE2568003E8AA8 /* GameKit.framework */; };
		04E4687D16DE0A88008479F0 /* UIKit.framework in Frameworks */ = {isa = PBXBuildFile; fileRef = 04E4687C16DE0A88008479F0 /* UIKit.framework */; };
		04E4687F16DE0A88008479F0 /* Foundation.framework in Frameworks */ = {isa = PBXBuildFile; fileRef = 04E4687E16DE0A88008479F0 /* Foundation.framework */; };
		04E4688116DE0A88008479F0 /* CoreGraphics.framework in Frameworks */ = {isa = PBXBuildFile; fileRef = 04E4688016DE0A88008479F0 /* CoreGraphics.framework */; };
		04E4688716DE0A88008479F0 /* InfoPlist.strings in Resources */ = {isa = PBXBuildFile; fileRef = 04E4688516DE0A88008479F0 /* InfoPlist.strings */; };
		04E4688916DE0A88008479F0 /* main.m in Sources */ = {isa = PBXBuildFile; fileRef = 04E4688816DE0A88008479F0 /* main.m */; };
		04E4688D16DE0A88008479F0 /* AppDelegate.m in Sources */ = {isa = PBXBuildFile; fileRef = 04E4688C16DE0A88008479F0 /* AppDelegate.m */; };
		04E4689016DE0A88008479F0 /* GameController.m in Sources */ = {isa = PBXBuildFile; fileRef = 04E4688F16DE0A88008479F0 /* GameController.m */; };
		04E4689316DE0A89008479F0 /* ViewController_iPhone.xib in Resources */ = {isa = PBXBuildFile; fileRef = 04E4689116DE0A89008479F0 /* ViewController_iPhone.xib */; };
		04E4689616DE0A89008479F0 /* ViewController_iPad.xib in Resources */ = {isa = PBXBuildFile; fileRef = 04E4689416DE0A89008479F0 /* ViewController_iPad.xib */; };
		04E632E616E871FF00A40608 /* GameModel.m in Sources */ = {isa = PBXBuildFile; fileRef = 04E632E516E871FF00A40608 /* GameModel.m */; };
/* End PBXBuildFile section */

/* Begin PBXFileReference section */
		0404D0E816DE1324000BC07A /* Default-568h@2x.png */ = {isa = PBXFileReference; lastKnownFileType = image.png; path = "Default-568h@2x.png"; sourceTree = "<group>"; };
		04245B2516E6122D008E87E2 /* icon.png */ = {isa = PBXFileReference; lastKnownFileType = image.png; path = icon.png; sourceTree = "<group>"; };
		04245B2716E6127E008E87E2 /* icon@2x.png */ = {isa = PBXFileReference; lastKnownFileType = image.png; path = "icon@2x.png"; sourceTree = "<group>"; };
		04245B2916E6128C008E87E2 /* icon-72.png */ = {isa = PBXFileReference; lastKnownFileType = image.png; path = "icon-72.png"; sourceTree = "<group>"; };
		04245B2B16E6128F008E87E2 /* icon-72@2x.png */ = {isa = PBXFileReference; lastKnownFileType = image.png; path = "icon-72@2x.png"; sourceTree = "<group>"; };
		04245B2D16E612D1008E87E2 /* images */ = {isa = PBXFileReference; lastKnownFileType = folder; name = images; path = ../images; sourceTree = "<group>"; };
		0463662516E770FA00D80C4A /* GlobalUtility.h */ = {isa = PBXFileReference; fileEncoding = 4; lastKnownFileType = sourcecode.c.h; name = GlobalUtility.h; path = model/GlobalUtility.h; sourceTree = "<group>"; };
		0463662616E770FA00D80C4A /* GlobalUtility.m */ = {isa = PBXFileReference; fileEncoding = 4; lastKnownFileType = sourcecode.c.objc; name = GlobalUtility.m; path = model/GlobalUtility.m; sourceTree = "<group>"; };
		0463662816E7719200D80C4A /* GlobalSingleton.h */ = {isa = PBXFileReference; fileEncoding = 4; lastKnownFileType = sourcecode.c.h; name = GlobalSingleton.h; path = ../GlobalSingleton.h; sourceTree = "<group>"; };
		0463662916E7719200D80C4A /* GlobalSingleton.m */ = {isa = PBXFileReference; fileEncoding = 4; lastKnownFileType = sourcecode.c.objc; name = GlobalSingleton.m; path = ../GlobalSingleton.m; sourceTree = "<group>"; };
		04A2D87916E0E0F5001ECD83 /* framework */ = {isa = PBXFileReference; lastKnownFileType = folder; path = framework; sourceTree = "<group>"; };
		04A2D87B16E0E11A001ECD83 /* images */ = {isa = PBXFileReference; lastKnownFileType = folder; path = images; sourceTree = "<group>"; };
		04A2D87D16E0E135001ECD83 /* Supporting */ = {isa = PBXFileReference; lastKnownFileType = folder; path = Supporting; sourceTree = "<group>"; };
		04DD982F16DE2568003E8AA8 /* GameKit.framework */ = {isa = PBXFileReference; lastKnownFileType = wrapper.framework; name = GameKit.framework; path = System/Library/Frameworks/GameKit.framework; sourceTree = SDKROOT; };
		04E4687816DE0A88008479F0 /* crossover.app */ = {isa = PBXFileReference; explicitFileType = wrapper.application; includeInIndex = 0; path = crossover.app; sourceTree = BUILT_PRODUCTS_DIR; };
		04E4687C16DE0A88008479F0 /* UIKit.framework */ = {isa = PBXFileReference; lastKnownFileType = wrapper.framework; name = UIKit.framework; path = System/Library/Frameworks/UIKit.framework; sourceTree = SDKROOT; };
		04E4687E16DE0A88008479F0 /* Foundation.framework */ = {isa = PBXFileReference; lastKnownFileType = wrapper.framework; name = Foundation.framework; path = System/Library/Frameworks/Foundation.framework; sourceTree = SDKROOT; };
		04E4688016DE0A88008479F0 /* CoreGraphics.framework */ = {isa = PBXFileReference; lastKnownFileType = wrapper.framework; name = CoreGraphics.framework; path = System/Library/Frameworks/CoreGraphics.framework; sourceTree = SDKROOT; };
		04E4688416DE0A88008479F0 /* crossover-Info.plist */ = {isa = PBXFileReference; lastKnownFileType = text.plist.xml; path = "crossover-Info.plist"; sourceTree = "<group>"; };
		04E4688616DE0A88008479F0 /* en */ = {isa = PBXFileReference; lastKnownFileType = text.plist.strings; name = en; path = en.lproj/InfoPlist.strings; sourceTree = "<group>"; };
		04E4688816DE0A88008479F0 /* main.m */ = {isa = PBXFileReference; lastKnownFileType = sourcecode.c.objc; path = main.m; sourceTree = "<group>"; };
		04E4688A16DE0A88008479F0 /* crossover-Prefix.pch */ = {isa = PBXFileReference; lastKnownFileType = sourcecode.c.h; path = "crossover-Prefix.pch"; sourceTree = "<group>"; };
		04E4688B16DE0A88008479F0 /* AppDelegate.h */ = {isa = PBXFileReference; lastKnownFileType = sourcecode.c.h; path = AppDelegate.h; sourceTree = "<group>"; };
		04E4688C16DE0A88008479F0 /* AppDelegate.m */ = {isa = PBXFileReference; lastKnownFileType = sourcecode.c.objc; path = AppDelegate.m; sourceTree = "<group>"; };
		04E4688E16DE0A88008479F0 /* GameController.h */ = {isa = PBXFileReference; lastKnownFileType = sourcecode.c.h; path = GameController.h; sourceTree = "<group>"; };
		04E4688F16DE0A88008479F0 /* GameController.m */ = {isa = PBXFileReference; lastKnownFileType = sourcecode.c.objc; path = GameController.m; sourceTree = "<group>"; };
		04E4689216DE0A89008479F0 /* en */ = {isa = PBXFileReference; lastKnownFileType = file.xib; name = en; path = en.lproj/ViewController_iPhone.xib; sourceTree = "<group>"; };
		04E4689516DE0A89008479F0 /* en */ = {isa = PBXFileReference; lastKnownFileType = file.xib; name = en; path = en.lproj/ViewController_iPad.xib; sourceTree = "<group>"; };
		04E632E416E871FF00A40608 /* GameModel.h */ = {isa = PBXFileReference; fileEncoding = 4; lastKnownFileType = sourcecode.c.h; path = GameModel.h; sourceTree = "<group>"; };
		04E632E516E871FF00A40608 /* GameModel.m */ = {isa = PBXFileReference; fileEncoding = 4; lastKnownFileType = sourcecode.c.objc; path = GameModel.m; sourceTree = "<group>"; };
/* End PBXFileReference section */

/* Begin PBXFrameworksBuildPhase section */
		04E4687516DE0A88008479F0 /* Frameworks */ = {
			isa = PBXFrameworksBuildPhase;
			buildActionMask = 2147483647;
			files = (
				04DD983016DE2568003E8AA8 /* GameKit.framework in Frameworks */,
				04E4687D16DE0A88008479F0 /* UIKit.framework in Frameworks */,
				04E4687F16DE0A88008479F0 /* Foundation.framework in Frameworks */,
				04E4688116DE0A88008479F0 /* CoreGraphics.framework in Frameworks */,
			);
			runOnlyForDeploymentPostprocessing = 0;
		};
/* End PBXFrameworksBuildPhase section */

/* Begin PBXGroup section */
		04E4686D16DE0A88008479F0 = {
			isa = PBXGroup;
			children = (
				04245B2B16E6128F008E87E2 /* icon-72@2x.png */,
				04245B2916E6128C008E87E2 /* icon-72.png */,
				04245B2716E6127E008E87E2 /* icon@2x.png */,
				04245B2516E6122D008E87E2 /* icon.png */,
				04DD982F16DE2568003E8AA8 /* GameKit.framework */,
				0404D0E816DE1324000BC07A /* Default-568h@2x.png */,
				04E4688216DE0A88008479F0 /* crossover */,
				04E4687B16DE0A88008479F0 /* Frameworks */,
				04E4687916DE0A88008479F0 /* Products */,
			);
			sourceTree = "<group>";
		};
		04E4687916DE0A88008479F0 /* Products */ = {
			isa = PBXGroup;
			children = (
				04E4687816DE0A88008479F0 /* crossover.app */,
			);
			name = Products;
			sourceTree = "<group>";
		};
		04E4687B16DE0A88008479F0 /* Frameworks */ = {
			isa = PBXGroup;
			children = (
				04E4687C16DE0A88008479F0 /* UIKit.framework */,
				04E4687E16DE0A88008479F0 /* Foundation.framework */,
				04E4688016DE0A88008479F0 /* CoreGraphics.framework */,
			);
			name = Frameworks;
			sourceTree = "<group>";
		};
		04E4688216DE0A88008479F0 /* crossover */ = {
			isa = PBXGroup;
			children = (
				04245B2D16E612D1008E87E2 /* images */,
				0463662816E7719200D80C4A /* GlobalSingleton.h */,
				0463662916E7719200D80C4A /* GlobalSingleton.m */,
				04E4688B16DE0A88008479F0 /* AppDelegate.h */,
				04E4688C16DE0A88008479F0 /* AppDelegate.m */,
				04E4688E16DE0A88008479F0 /* GameController.h */,
				04E4688F16DE0A88008479F0 /* GameController.m */,
				04E632E416E871FF00A40608 /* GameModel.h */,
				04E632E516E871FF00A40608 /* GameModel.m */,
				04E4689116DE0A89008479F0 /* ViewController_iPhone.xib */,
				04E4689416DE0A89008479F0 /* ViewController_iPad.xib */,
				0463662516E770FA00D80C4A /* GlobalUtility.h */,
				0463662616E770FA00D80C4A /* GlobalUtility.m */,
				04A2D87D16E0E135001ECD83 /* Supporting */,
				04A2D87916E0E0F5001ECD83 /* framework */,
				04E4688316DE0A88008479F0 /* Supporting Files */,
			);
			path = crossover;
			sourceTree = "<group>";
		};
		04E4688316DE0A88008479F0 /* Supporting Files */ = {
			isa = PBXGroup;
			children = (
				04A2D87B16E0E11A001ECD83 /* images */,
				04E4688416DE0A88008479F0 /* crossover-Info.plist */,
				04E4688516DE0A88008479F0 /* InfoPlist.strings */,
				04E4688816DE0A88008479F0 /* main.m */,
				04E4688A16DE0A88008479F0 /* crossover-Prefix.pch */,
			);
			name = "Supporting Files";
			sourceTree = "<group>";
		};
/* End PBXGroup section */

/* Begin PBXNativeTarget section */
		04E4687716DE0A88008479F0 /* crossover */ = {
			isa = PBXNativeTarget;
			buildConfigurationList = 04E4689916DE0A89008479F0 /* Build configuration list for PBXNativeTarget "crossover" */;
			buildPhases = (
				04E4687416DE0A88008479F0 /* Sources */,
				04E4687516DE0A88008479F0 /* Frameworks */,
				04E4687616DE0A88008479F0 /* Resources */,
			);
			buildRules = (
			);
			dependencies = (
			);
			name = crossover;
			productName = crossover;
			productReference = 04E4687816DE0A88008479F0 /* crossover.app */;
			productType = "com.apple.product-type.application";
		};
/* End PBXNativeTarget section */

/* Begin PBXProject section */
		04E4686F16DE0A88008479F0 /* Project object */ = {
			isa = PBXProject;
			attributes = {
				LastUpgradeCheck = 0460;
			};
			buildConfigurationList = 04E4687216DE0A88008479F0 /* Build configuration list for PBXProject "crossover" */;
			compatibilityVersion = "Xcode 3.2";
			developmentRegion = English;
			hasScannedForEncodings = 0;
			knownRegions = (
				en,
			);
			mainGroup = 04E4686D16DE0A88008479F0;
			productRefGroup = 04E4687916DE0A88008479F0 /* Products */;
			projectDirPath = "";
			projectRoot = "";
			targets = (
				04E4687716DE0A88008479F0 /* crossover */,
			);
		};
/* End PBXProject section */

/* Begin PBXResourcesBuildPhase section */
		04E4687616DE0A88008479F0 /* Resources */ = {
			isa = PBXResourcesBuildPhase;
			buildActionMask = 2147483647;
			files = (
				04E4688716DE0A88008479F0 /* InfoPlist.strings in Resources */,
				04E4689316DE0A89008479F0 /* ViewController_iPhone.xib in Resources */,
				04E4689616DE0A89008479F0 /* ViewController_iPad.xib in Resources */,
				0404D0E916DE1324000BC07A /* Default-568h@2x.png in Resources */,
				04A2D87A16E0E0F5001ECD83 /* framework in Resources */,
				04A2D87C16E0E11A001ECD83 /* images in Resources */,
				04A2D87E16E0E135001ECD83 /* Supporting in Resources */,
				04245B2616E6122D008E87E2 /* icon.png in Resources */,
				04245B2816E6127E008E87E2 /* icon@2x.png in Resources */,
				04245B2A16E6128C008E87E2 /* icon-72.png in Resources */,
				04245B2C16E6128F008E87E2 /* icon-72@2x.png in Resources */,
			);
			runOnlyForDeploymentPostprocessing = 0;
		};
/* End PBXResourcesBuildPhase section */

/* Begin PBXSourcesBuildPhase section */
		04E4687416DE0A88008479F0 /* Sources */ = {
			isa = PBXSourcesBuildPhase;
			buildActionMask = 2147483647;
			files = (
				04E4688916DE0A88008479F0 /* main.m in Sources */,
				04E4688D16DE0A88008479F0 /* AppDelegate.m in Sources */,
				04E4689016DE0A88008479F0 /* GameController.m in Sources */,
				0463662716E770FA00D80C4A /* GlobalUtility.m in Sources */,
				0463662A16E7719200D80C4A /* GlobalSingleton.m in Sources */,
				04E632E616E871FF00A40608 /* GameModel.m in Sources */,
			);
			runOnlyForDeploymentPostprocessing = 0;
		};
/* End PBXSourcesBuildPhase section */

/* Begin PBXVariantGroup section */
		04E4688516DE0A88008479F0 /* InfoPlist.strings */ = {
			isa = PBXVariantGroup;
			children = (
				04E4688616DE0A88008479F0 /* en */,
			);
			name = InfoPlist.strings;
			sourceTree = "<group>";
		};
		04E4689116DE0A89008479F0 /* ViewController_iPhone.xib */ = {
			isa = PBXVariantGroup;
			children = (
				04E4689216DE0A89008479F0 /* en */,
			);
			name = ViewController_iPhone.xib;
			sourceTree = "<group>";
		};
		04E4689416DE0A89008479F0 /* ViewController_iPad.xib */ = {
			isa = PBXVariantGroup;
			children = (
				04E4689516DE0A89008479F0 /* en */,
			);
			name = ViewController_iPad.xib;
			sourceTree = "<group>";
		};
/* End PBXVariantGroup section */

/* Begin XCBuildConfiguration section */
		04E4689716DE0A89008479F0 /* Debug */ = {
			isa = XCBuildConfiguration;
			buildSettings = {
				ALWAYS_SEARCH_USER_PATHS = NO;
				ARCHS = "$(ARCHS_STANDARD_32_BIT)";
				CLANG_ENABLE_OBJC_ARC = YES;
				CLANG_WARN_CONSTANT_CONVERSION = YES;
				CLANG_WARN_ENUM_CONVERSION = YES;
				CLANG_WARN_INT_CONVERSION = YES;
				CLANG_WARN__DUPLICATE_METHOD_MATCH = YES;
				CODE_SIGN_IDENTITY = "";
				"CODE_SIGN_IDENTITY[sdk=iphoneos*]" = "iPhone Developer: Gurvinder Batra (Q3HXH3MWZ2)";
				COPY_PHASE_STRIP = NO;
				GCC_C_LANGUAGE_STANDARD = gnu99;
				GCC_DYNAMIC_NO_PIC = NO;
				GCC_OPTIMIZATION_LEVEL = 0;
				GCC_PREPROCESSOR_DEFINITIONS = (
					"DEBUG=1",
					"$(inherited)",
				);
				GCC_SYMBOLS_PRIVATE_EXTERN = NO;
				GCC_VERSION = com.apple.compilers.llvm.clang.1_0;
				GCC_WARN_ABOUT_RETURN_TYPE = YES;
				GCC_WARN_UNINITIALIZED_AUTOS = YES;
				GCC_WARN_UNUSED_VARIABLE = YES;
				IPHONEOS_DEPLOYMENT_TARGET = 4.3;
				"PROVISIONING_PROFILE[sdk=iphoneos*]" = "F1EBF35E-E254-426D-8B53-2A1D720E4EFE";
				SDKROOT = iphoneos;
				TARGETED_DEVICE_FAMILY = "1,2";
			};
			name = Debug;
		};
		04E4689816DE0A89008479F0 /* Release */ = {
			isa = XCBuildConfiguration;
			buildSettings = {
				ALWAYS_SEARCH_USER_PATHS = NO;
				ARCHS = "$(ARCHS_STANDARD_32_BIT)";
				CLANG_ENABLE_OBJC_ARC = YES;
				CLANG_WARN_CONSTANT_CONVERSION = YES;
				CLANG_WARN_ENUM_CONVERSION = YES;
				CLANG_WARN_INT_CONVERSION = YES;
				CLANG_WARN__DUPLICATE_METHOD_MATCH = YES;
				CODE_SIGN_IDENTITY = "";
				"CODE_SIGN_IDENTITY[sdk=iphoneos*]" = "";
				COPY_PHASE_STRIP = YES;
				GCC_C_LANGUAGE_STANDARD = gnu99;
				GCC_VERSION = com.apple.compilers.llvm.clang.1_0;
				GCC_WARN_ABOUT_RETURN_TYPE = YES;
				GCC_WARN_UNINITIALIZED_AUTOS = YES;
				GCC_WARN_UNUSED_VARIABLE = YES;
				IPHONEOS_DEPLOYMENT_TARGET = 4.3;
				OTHER_CFLAGS = "-DNS_BLOCK_ASSERTIONS=1";
				SDKROOT = iphoneos;
				TARGETED_DEVICE_FAMILY = "1,2";
				VALIDATE_PRODUCT = YES;
			};
			name = Release;
		};
		04E4689A16DE0A89008479F0 /* Debug */ = {
			isa = XCBuildConfiguration;
			buildSettings = {
				FRAMEWORK_SEARCH_PATHS = (
					"$(inherited)",
					"\"$(SRCROOT)\"",
				);
				GCC_PRECOMPILE_PREFIX_HEADER = YES;
				GCC_PREFIX_HEADER = "crossover/crossover-Prefix.pch";
				INFOPLIST_FILE = "crossover/crossover-Info.plist";
				IPHONEOS_DEPLOYMENT_TARGET = 5.1;
				PRODUCT_NAME = "$(TARGET_NAME)";
				WRAPPER_EXTENSION = app;
			};
			name = Debug;
		};
		04E4689B16DE0A89008479F0 /* Release */ = {
			isa = XCBuildConfiguration;
			buildSettings = {
				FRAMEWORK_SEARCH_PATHS = (
					"$(inherited)",
					"\"$(SRCROOT)\"",
				);
				GCC_PRECOMPILE_PREFIX_HEADER = YES;
				GCC_PREFIX_HEADER = "crossover/crossover-Prefix.pch";
				INFOPLIST_FILE = "crossover/crossover-Info.plist";
				IPHONEOS_DEPLOYMENT_TARGET = 5.1;
				PRODUCT_NAME = "$(TARGET_NAME)";
				WRAPPER_EXTENSION = app;
			};
			name = Release;
		};
/* End XCBuildConfiguration section */

/* Begin XCConfigurationList section */
		04E4687216DE0A88008479F0 /* Build configuration list for PBXProject "crossover" */ = {
			isa = XCConfigurationList;
			buildConfigurations = (
				04E4689716DE0A89008479F0 /* Debug */,
				04E4689816DE0A89008479F0 /* Release */,
			);
			defaultConfigurationIsVisible = 0;
			defaultConfigurationName = Release;
		};
		04E4689916DE0A89008479F0 /* Build configuration list for PBXNativeTarget "crossover" */ = {
			isa = XCConfigurationList;
			buildConfigurations = (
				04E4689A16DE0A89008479F0 /* Debug */,
				04E4689B16DE0A89008479F0 /* Release */,
			);
			defaultConfigurationIsVisible = 0;
			defaultConfigurationName = Release;
		};
/* End XCConfigurationList section */
	};
	rootObject = 04E4686F16DE0A88008479F0 /* Project object */;
}
